
Microsoft Visual Studio Solution File, Format Version 12.00
# Visual Studio Version 17
VisualStudioVersion = 17.6.33829.357
MinimumVisualStudioVersion = 10.0.40219.1
Project("{778DAE3C-4631-46EA-AA77-85C1314464D9}") = "SMVFile", "SMVFile\SMVFile.vbproj", "{929AC408-CFCF-42C8-BBA4-E5227F3DB826}"
EndProject
Project("{2150E333-8FDC-42A3-9474-1A3956D46DE8}") = "framework", "framework", "{A1CBAE62-8C60-4DF5-BC1A-29C61FB4A70F}"
EndProject
Project("{778DAE3C-4631-46EA-AA77-85C1314464D9}") = "Core", "..\..\GCModeller\src\runtime\sciBASIC#\Microsoft.VisualBasic.Core\src\Core.vbproj", "{C6E65BD3-0C16-46F6-B2EC-86B2D0BFB8CA}"
EndProject
Project("{778DAE3C-4631-46EA-AA77-85C1314464D9}") = "binarydata-netcore5", "..\..\GCModeller\src\runtime\sciBASIC#\Data\BinaryData\BinaryData\binarydata-netcore5.vbproj", "{CCA475EC-5225-4C87-860B-CF160FB7644B}"
EndProject
Project("{2150E333-8FDC-42A3-9474-1A3956D46DE8}") = "renv", "renv", "{8775950F-8B2B-4DFB-A5A4-54484182CED8}"
EndProject
Project("{778DAE3C-4631-46EA-AA77-85C1314464D9}") = "Rsharp-netcore5", "..\..\GCModeller\src\R-sharp\R#\Rsharp-netcore5.vbproj", "{F947E144-7B33-424E-90B1-17A1BD638C15}"
EndProject
Project("{778DAE3C-4631-46EA-AA77-85C1314464D9}") = "R-cmd.NET5", "..\..\GCModeller\src\R-sharp\studio\R-terminal\R-cmd.NET5.vbproj", "{075ED280-EE31-4CB2-B0CB-B4126614F214}"
EndProject
Project("{2150E333-8FDC-42A3-9474-1A3956D46DE8}") = "nrrd", "nrrd", "{CAED4E47-8EC2-44CE-AF17-41DB0C7D31E8}"
EndProject
Project("{778DAE3C-4631-46EA-AA77-85C1314464D9}") = "NRRD", "..\..\NRRD\src\NRRD\NRRD.vbproj", "{06429979-D5C3-4186-85BB-B37E5DDF00E1}"
EndProject
Project("{2150E333-8FDC-42A3-9474-1A3956D46DE8}") = "graphics", "graphics", "{E771C136-286D-4A5A-A32B-05E98C5826B0}"
EndProject
Project("{778DAE3C-4631-46EA-AA77-85C1314464D9}") = "Math.NET5", "..\..\GCModeller\src\runtime\sciBASIC#\Data_science\Mathematica\Math\Math\Math.NET5.vbproj", "{D8FAE6DF-94AF-4206-A411-0FB5CEFFFB88}"
EndProject
Project("{778DAE3C-4631-46EA-AA77-85C1314464D9}") = "html_netcore5", "..\..\GCModeller\src\runtime\sciBASIC#\mime\text%html\html_netcore5.vbproj", "{F90B3919-1395-4FEC-833C-1785168CDC24}"
EndProject
Project("{778DAE3C-4631-46EA-AA77-85C1314464D9}") = "imaging.NET5", "..\..\GCModeller\src\runtime\sciBASIC#\gr\Microsoft.VisualBasic.Imaging\imaging.NET5.vbproj", "{532CC93E-DE1B-447F-AD76-47D85A5C814F}"
EndProject
Project("{778DAE3C-4631-46EA-AA77-85C1314464D9}") = "Landscape", "..\..\GCModeller\src\runtime\sciBASIC#\gr\Landscape\Landscape.vbproj", "{608F5B3D-83FE-46B1-B1EE-4D0A58D4B51A}"
EndProject
Project("{778DAE3C-4631-46EA-AA77-85C1314464D9}") = "netCDF", "..\..\GCModeller\src\runtime\sciBASIC#\Data\BinaryData\netCDF\netCDF.vbproj", "{F8DE9356-DB81-4E69-9E34-8E73F79FA2FA}"
EndProject
Global
	GlobalSection(SolutionConfigurationPlatforms) = preSolution
		Debug|Any CPU = Debug|Any CPU
		Debug|x64 = Debug|x64
		Debug|x86 = Debug|x86
		Docker|Any CPU = Docker|Any CPU
		Docker|x64 = Docker|x64
		Docker|x86 = Docker|x86
		gcmodeller_desktop|Any CPU = gcmodeller_desktop|Any CPU
		gcmodeller_desktop|x64 = gcmodeller_desktop|x64
		gcmodeller_desktop|x86 = gcmodeller_desktop|x86
		LipidSearch|Any CPU = LipidSearch|Any CPU
		LipidSearch|x64 = LipidSearch|x64
		LipidSearch|x86 = LipidSearch|x86
		mzkit_win32|Any CPU = mzkit_win32|Any CPU
		mzkit_win32|x64 = mzkit_win32|x64
		mzkit_win32|x86 = mzkit_win32|x86
		mzkit|Any CPU = mzkit|Any CPU
		mzkit|x64 = mzkit|x64
		mzkit|x86 = mzkit|x86
		NPSearch|Any CPU = NPSearch|Any CPU
		NPSearch|x64 = NPSearch|x64
		NPSearch|x86 = NPSearch|x86
		PlantMAT|Any CPU = PlantMAT|Any CPU
		PlantMAT|x64 = PlantMAT|x64
		PlantMAT|x86 = PlantMAT|x86
		Release|Any CPU = Release|Any CPU
		Release|x64 = Release|x64
		Release|x86 = Release|x86
		Rsharp_app_release|Any CPU = Rsharp_app_release|Any CPU
		Rsharp_app_release|x64 = Rsharp_app_release|x64
		Rsharp_app_release|x86 = Rsharp_app_release|x86
	EndGlobalSection
	GlobalSection(ProjectConfigurationPlatforms) = postSolution
		{929AC408-CFCF-42C8-BBA4-E5227F3DB826}.Debug|Any CPU.ActiveCfg = Debug|Any CPU
		{929AC408-CFCF-42C8-BBA4-E5227F3DB826}.Debug|Any CPU.Build.0 = Debug|Any CPU
		{929AC408-CFCF-42C8-BBA4-E5227F3DB826}.Debug|x64.ActiveCfg = Debug|x64
		{929AC408-CFCF-42C8-BBA4-E5227F3DB826}.Debug|x64.Build.0 = Debug|x64
		{929AC408-CFCF-42C8-BBA4-E5227F3DB826}.Debug|x86.ActiveCfg = Debug|Any CPU
		{929AC408-CFCF-42C8-BBA4-E5227F3DB826}.Debug|x86.Build.0 = Debug|Any CPU
		{929AC408-CFCF-42C8-BBA4-E5227F3DB826}.Docker|Any CPU.ActiveCfg = Debug|Any CPU
		{929AC408-CFCF-42C8-BBA4-E5227F3DB826}.Docker|Any CPU.Build.0 = Debug|Any CPU
		{929AC408-CFCF-42C8-BBA4-E5227F3DB826}.Docker|x64.ActiveCfg = Debug|Any CPU
		{929AC408-CFCF-42C8-BBA4-E5227F3DB826}.Docker|x64.Build.0 = Debug|Any CPU
		{929AC408-CFCF-42C8-BBA4-E5227F3DB826}.Docker|x86.ActiveCfg = Debug|Any CPU
		{929AC408-CFCF-42C8-BBA4-E5227F3DB826}.Docker|x86.Build.0 = Debug|Any CPU
		{929AC408-CFCF-42C8-BBA4-E5227F3DB826}.gcmodeller_desktop|Any CPU.ActiveCfg = Debug|Any CPU
		{929AC408-CFCF-42C8-BBA4-E5227F3DB826}.gcmodeller_desktop|Any CPU.Build.0 = Debug|Any CPU
		{929AC408-CFCF-42C8-BBA4-E5227F3DB826}.gcmodeller_desktop|x64.ActiveCfg = Debug|Any CPU
		{929AC408-CFCF-42C8-BBA4-E5227F3DB826}.gcmodeller_desktop|x64.Build.0 = Debug|Any CPU
		{929AC408-CFCF-42C8-BBA4-E5227F3DB826}.gcmodeller_desktop|x86.ActiveCfg = Debug|Any CPU
		{929AC408-CFCF-42C8-BBA4-E5227F3DB826}.gcmodeller_desktop|x86.Build.0 = Debug|Any CPU
		{929AC408-CFCF-42C8-BBA4-E5227F3DB826}.LipidSearch|Any CPU.ActiveCfg = Debug|Any CPU
		{929AC408-CFCF-42C8-BBA4-E5227F3DB826}.LipidSearch|Any CPU.Build.0 = Debug|Any CPU
		{929AC408-CFCF-42C8-BBA4-E5227F3DB826}.LipidSearch|x64.ActiveCfg = Debug|Any CPU
		{929AC408-CFCF-42C8-BBA4-E5227F3DB826}.LipidSearch|x64.Build.0 = Debug|Any CPU
		{929AC408-CFCF-42C8-BBA4-E5227F3DB826}.LipidSearch|x86.ActiveCfg = Debug|Any CPU
		{929AC408-CFCF-42C8-BBA4-E5227F3DB826}.LipidSearch|x86.Build.0 = Debug|Any CPU
		{929AC408-CFCF-42C8-BBA4-E5227F3DB826}.mzkit_win32|Any CPU.ActiveCfg = Debug|Any CPU
		{929AC408-CFCF-42C8-BBA4-E5227F3DB826}.mzkit_win32|Any CPU.Build.0 = Debug|Any CPU
		{929AC408-CFCF-42C8-BBA4-E5227F3DB826}.mzkit_win32|x64.ActiveCfg = Debug|Any CPU
		{929AC408-CFCF-42C8-BBA4-E5227F3DB826}.mzkit_win32|x64.Build.0 = Debug|Any CPU
		{929AC408-CFCF-42C8-BBA4-E5227F3DB826}.mzkit_win32|x86.ActiveCfg = Debug|Any CPU
		{929AC408-CFCF-42C8-BBA4-E5227F3DB826}.mzkit_win32|x86.Build.0 = Debug|Any CPU
		{929AC408-CFCF-42C8-BBA4-E5227F3DB826}.mzkit|Any CPU.ActiveCfg = Debug|Any CPU
		{929AC408-CFCF-42C8-BBA4-E5227F3DB826}.mzkit|Any CPU.Build.0 = Debug|Any CPU
		{929AC408-CFCF-42C8-BBA4-E5227F3DB826}.mzkit|x64.ActiveCfg = Debug|Any CPU
		{929AC408-CFCF-42C8-BBA4-E5227F3DB826}.mzkit|x64.Build.0 = Debug|Any CPU
		{929AC408-CFCF-42C8-BBA4-E5227F3DB826}.mzkit|x86.ActiveCfg = Debug|Any CPU
		{929AC408-CFCF-42C8-BBA4-E5227F3DB826}.mzkit|x86.Build.0 = Debug|Any CPU
		{929AC408-CFCF-42C8-BBA4-E5227F3DB826}.NPSearch|Any CPU.ActiveCfg = Debug|Any CPU
		{929AC408-CFCF-42C8-BBA4-E5227F3DB826}.NPSearch|Any CPU.Build.0 = Debug|Any CPU
		{929AC408-CFCF-42C8-BBA4-E5227F3DB826}.NPSearch|x64.ActiveCfg = Debug|Any CPU
		{929AC408-CFCF-42C8-BBA4-E5227F3DB826}.NPSearch|x64.Build.0 = Debug|Any CPU
		{929AC408-CFCF-42C8-BBA4-E5227F3DB826}.NPSearch|x86.ActiveCfg = Debug|Any CPU
		{929AC408-CFCF-42C8-BBA4-E5227F3DB826}.NPSearch|x86.Build.0 = Debug|Any CPU
		{929AC408-CFCF-42C8-BBA4-E5227F3DB826}.PlantMAT|Any CPU.ActiveCfg = Debug|Any CPU
		{929AC408-CFCF-42C8-BBA4-E5227F3DB826}.PlantMAT|Any CPU.Build.0 = Debug|Any CPU
		{929AC408-CFCF-42C8-BBA4-E5227F3DB826}.PlantMAT|x64.ActiveCfg = Debug|Any CPU
		{929AC408-CFCF-42C8-BBA4-E5227F3DB826}.PlantMAT|x64.Build.0 = Debug|Any CPU
		{929AC408-CFCF-42C8-BBA4-E5227F3DB826}.PlantMAT|x86.ActiveCfg = Debug|Any CPU
		{929AC408-CFCF-42C8-BBA4-E5227F3DB826}.PlantMAT|x86.Build.0 = Debug|Any CPU
		{929AC408-CFCF-42C8-BBA4-E5227F3DB826}.Release|Any CPU.ActiveCfg = Release|Any CPU
		{929AC408-CFCF-42C8-BBA4-E5227F3DB826}.Release|Any CPU.Build.0 = Release|Any CPU
		{929AC408-CFCF-42C8-BBA4-E5227F3DB826}.Release|x64.ActiveCfg = Release|Any CPU
		{929AC408-CFCF-42C8-BBA4-E5227F3DB826}.Release|x64.Build.0 = Release|Any CPU
		{929AC408-CFCF-42C8-BBA4-E5227F3DB826}.Release|x86.ActiveCfg = Release|Any CPU
		{929AC408-CFCF-42C8-BBA4-E5227F3DB826}.Release|x86.Build.0 = Release|Any CPU
		{929AC408-CFCF-42C8-BBA4-E5227F3DB826}.Rsharp_app_release|Any CPU.ActiveCfg = Release|Any CPU
		{929AC408-CFCF-42C8-BBA4-E5227F3DB826}.Rsharp_app_release|Any CPU.Build.0 = Release|Any CPU
		{929AC408-CFCF-42C8-BBA4-E5227F3DB826}.Rsharp_app_release|x64.ActiveCfg = Rsharp_app_release|x64
		{929AC408-CFCF-42C8-BBA4-E5227F3DB826}.Rsharp_app_release|x64.Build.0 = Rsharp_app_release|x64
		{929AC408-CFCF-42C8-BBA4-E5227F3DB826}.Rsharp_app_release|x86.ActiveCfg = Release|Any CPU
		{929AC408-CFCF-42C8-BBA4-E5227F3DB826}.Rsharp_app_release|x86.Build.0 = Release|Any CPU
		{C6E65BD3-0C16-46F6-B2EC-86B2D0BFB8CA}.Debug|Any CPU.ActiveCfg = Debug|Any CPU
		{C6E65BD3-0C16-46F6-B2EC-86B2D0BFB8CA}.Debug|Any CPU.Build.0 = Debug|Any CPU
		{C6E65BD3-0C16-46F6-B2EC-86B2D0BFB8CA}.Debug|x64.ActiveCfg = Debug|x64
		{C6E65BD3-0C16-46F6-B2EC-86B2D0BFB8CA}.Debug|x64.Build.0 = Debug|x64
		{C6E65BD3-0C16-46F6-B2EC-86B2D0BFB8CA}.Debug|x86.ActiveCfg = Debug|x86
		{C6E65BD3-0C16-46F6-B2EC-86B2D0BFB8CA}.Debug|x86.Build.0 = Debug|x86
		{C6E65BD3-0C16-46F6-B2EC-86B2D0BFB8CA}.Docker|Any CPU.ActiveCfg = Docker|Any CPU
		{C6E65BD3-0C16-46F6-B2EC-86B2D0BFB8CA}.Docker|Any CPU.Build.0 = Docker|Any CPU
		{C6E65BD3-0C16-46F6-B2EC-86B2D0BFB8CA}.Docker|x64.ActiveCfg = Docker|x64
		{C6E65BD3-0C16-46F6-B2EC-86B2D0BFB8CA}.Docker|x64.Build.0 = Docker|x64
		{C6E65BD3-0C16-46F6-B2EC-86B2D0BFB8CA}.Docker|x86.ActiveCfg = Docker|x86
		{C6E65BD3-0C16-46F6-B2EC-86B2D0BFB8CA}.Docker|x86.Build.0 = Docker|x86
		{C6E65BD3-0C16-46F6-B2EC-86B2D0BFB8CA}.gcmodeller_desktop|Any CPU.ActiveCfg = gcmodeller_desktop|Any CPU
		{C6E65BD3-0C16-46F6-B2EC-86B2D0BFB8CA}.gcmodeller_desktop|Any CPU.Build.0 = gcmodeller_desktop|Any CPU
		{C6E65BD3-0C16-46F6-B2EC-86B2D0BFB8CA}.gcmodeller_desktop|x64.ActiveCfg = gcmodeller_desktop|x64
		{C6E65BD3-0C16-46F6-B2EC-86B2D0BFB8CA}.gcmodeller_desktop|x64.Build.0 = gcmodeller_desktop|x64
		{C6E65BD3-0C16-46F6-B2EC-86B2D0BFB8CA}.gcmodeller_desktop|x86.ActiveCfg = gcmodeller_desktop|x86
		{C6E65BD3-0C16-46F6-B2EC-86B2D0BFB8CA}.gcmodeller_desktop|x86.Build.0 = gcmodeller_desktop|x86
		{C6E65BD3-0C16-46F6-B2EC-86B2D0BFB8CA}.LipidSearch|Any CPU.ActiveCfg = LipidSearch|Any CPU
		{C6E65BD3-0C16-46F6-B2EC-86B2D0BFB8CA}.LipidSearch|Any CPU.Build.0 = LipidSearch|Any CPU
		{C6E65BD3-0C16-46F6-B2EC-86B2D0BFB8CA}.LipidSearch|x64.ActiveCfg = LipidSearch|x64
		{C6E65BD3-0C16-46F6-B2EC-86B2D0BFB8CA}.LipidSearch|x64.Build.0 = LipidSearch|x64
		{C6E65BD3-0C16-46F6-B2EC-86B2D0BFB8CA}.LipidSearch|x86.ActiveCfg = LipidSearch|x86
		{C6E65BD3-0C16-46F6-B2EC-86B2D0BFB8CA}.LipidSearch|x86.Build.0 = LipidSearch|x86
		{C6E65BD3-0C16-46F6-B2EC-86B2D0BFB8CA}.mzkit_win32|Any CPU.ActiveCfg = mzkit_win32|Any CPU
		{C6E65BD3-0C16-46F6-B2EC-86B2D0BFB8CA}.mzkit_win32|Any CPU.Build.0 = mzkit_win32|Any CPU
		{C6E65BD3-0C16-46F6-B2EC-86B2D0BFB8CA}.mzkit_win32|x64.ActiveCfg = mzkit_win32|x64
		{C6E65BD3-0C16-46F6-B2EC-86B2D0BFB8CA}.mzkit_win32|x64.Build.0 = mzkit_win32|x64
		{C6E65BD3-0C16-46F6-B2EC-86B2D0BFB8CA}.mzkit_win32|x86.ActiveCfg = mzkit_win32|x86
		{C6E65BD3-0C16-46F6-B2EC-86B2D0BFB8CA}.mzkit_win32|x86.Build.0 = mzkit_win32|x86
		{C6E65BD3-0C16-46F6-B2EC-86B2D0BFB8CA}.mzkit|Any CPU.ActiveCfg = mzkit|Any CPU
		{C6E65BD3-0C16-46F6-B2EC-86B2D0BFB8CA}.mzkit|Any CPU.Build.0 = mzkit|Any CPU
		{C6E65BD3-0C16-46F6-B2EC-86B2D0BFB8CA}.mzkit|x64.ActiveCfg = mzkit|x64
		{C6E65BD3-0C16-46F6-B2EC-86B2D0BFB8CA}.mzkit|x64.Build.0 = mzkit|x64
		{C6E65BD3-0C16-46F6-B2EC-86B2D0BFB8CA}.mzkit|x86.ActiveCfg = mzkit|x86
		{C6E65BD3-0C16-46F6-B2EC-86B2D0BFB8CA}.mzkit|x86.Build.0 = mzkit|x86
		{C6E65BD3-0C16-46F6-B2EC-86B2D0BFB8CA}.NPSearch|Any CPU.ActiveCfg = NPSearch|Any CPU
		{C6E65BD3-0C16-46F6-B2EC-86B2D0BFB8CA}.NPSearch|Any CPU.Build.0 = NPSearch|Any CPU
		{C6E65BD3-0C16-46F6-B2EC-86B2D0BFB8CA}.NPSearch|x64.ActiveCfg = NPSearch|x64
		{C6E65BD3-0C16-46F6-B2EC-86B2D0BFB8CA}.NPSearch|x64.Build.0 = NPSearch|x64
		{C6E65BD3-0C16-46F6-B2EC-86B2D0BFB8CA}.NPSearch|x86.ActiveCfg = NPSearch|x86
		{C6E65BD3-0C16-46F6-B2EC-86B2D0BFB8CA}.NPSearch|x86.Build.0 = NPSearch|x86
		{C6E65BD3-0C16-46F6-B2EC-86B2D0BFB8CA}.PlantMAT|Any CPU.ActiveCfg = PlantMAT|Any CPU
		{C6E65BD3-0C16-46F6-B2EC-86B2D0BFB8CA}.PlantMAT|Any CPU.Build.0 = PlantMAT|Any CPU
		{C6E65BD3-0C16-46F6-B2EC-86B2D0BFB8CA}.PlantMAT|x64.ActiveCfg = PlantMAT|x64
		{C6E65BD3-0C16-46F6-B2EC-86B2D0BFB8CA}.PlantMAT|x64.Build.0 = PlantMAT|x64
		{C6E65BD3-0C16-46F6-B2EC-86B2D0BFB8CA}.PlantMAT|x86.ActiveCfg = PlantMAT|x86
		{C6E65BD3-0C16-46F6-B2EC-86B2D0BFB8CA}.PlantMAT|x86.Build.0 = PlantMAT|x86
		{C6E65BD3-0C16-46F6-B2EC-86B2D0BFB8CA}.Release|Any CPU.ActiveCfg = Release|Any CPU
		{C6E65BD3-0C16-46F6-B2EC-86B2D0BFB8CA}.Release|Any CPU.Build.0 = Release|Any CPU
		{C6E65BD3-0C16-46F6-B2EC-86B2D0BFB8CA}.Release|x64.ActiveCfg = Release|x64
		{C6E65BD3-0C16-46F6-B2EC-86B2D0BFB8CA}.Release|x64.Build.0 = Release|x64
		{C6E65BD3-0C16-46F6-B2EC-86B2D0BFB8CA}.Release|x86.ActiveCfg = Release|x86
		{C6E65BD3-0C16-46F6-B2EC-86B2D0BFB8CA}.Release|x86.Build.0 = Release|x86
		{C6E65BD3-0C16-46F6-B2EC-86B2D0BFB8CA}.Rsharp_app_release|Any CPU.ActiveCfg = Rsharp_app_release|Any CPU
		{C6E65BD3-0C16-46F6-B2EC-86B2D0BFB8CA}.Rsharp_app_release|Any CPU.Build.0 = Rsharp_app_release|Any CPU
		{C6E65BD3-0C16-46F6-B2EC-86B2D0BFB8CA}.Rsharp_app_release|x64.ActiveCfg = Rsharp_app_release|x64
		{C6E65BD3-0C16-46F6-B2EC-86B2D0BFB8CA}.Rsharp_app_release|x64.Build.0 = Rsharp_app_release|x64
		{C6E65BD3-0C16-46F6-B2EC-86B2D0BFB8CA}.Rsharp_app_release|x86.ActiveCfg = Rsharp_app_release|x86
		{C6E65BD3-0C16-46F6-B2EC-86B2D0BFB8CA}.Rsharp_app_release|x86.Build.0 = Rsharp_app_release|x86
		{CCA475EC-5225-4C87-860B-CF160FB7644B}.Debug|Any CPU.ActiveCfg = Debug|Any CPU
		{CCA475EC-5225-4C87-860B-CF160FB7644B}.Debug|Any CPU.Build.0 = Debug|Any CPU
		{CCA475EC-5225-4C87-860B-CF160FB7644B}.Debug|x64.ActiveCfg = Debug|x64
		{CCA475EC-5225-4C87-860B-CF160FB7644B}.Debug|x64.Build.0 = Debug|x64
		{CCA475EC-5225-4C87-860B-CF160FB7644B}.Debug|x86.ActiveCfg = Debug|Any CPU
		{CCA475EC-5225-4C87-860B-CF160FB7644B}.Debug|x86.Build.0 = Debug|Any CPU
		{CCA475EC-5225-4C87-860B-CF160FB7644B}.Docker|Any CPU.ActiveCfg = Docker|Any CPU
		{CCA475EC-5225-4C87-860B-CF160FB7644B}.Docker|Any CPU.Build.0 = Docker|Any CPU
		{CCA475EC-5225-4C87-860B-CF160FB7644B}.Docker|x64.ActiveCfg = Docker|x64
		{CCA475EC-5225-4C87-860B-CF160FB7644B}.Docker|x64.Build.0 = Docker|x64
		{CCA475EC-5225-4C87-860B-CF160FB7644B}.Docker|x86.ActiveCfg = Docker|Any CPU
		{CCA475EC-5225-4C87-860B-CF160FB7644B}.Docker|x86.Build.0 = Docker|Any CPU
		{CCA475EC-5225-4C87-860B-CF160FB7644B}.gcmodeller_desktop|Any CPU.ActiveCfg = gcmodeller_desktop|Any CPU
		{CCA475EC-5225-4C87-860B-CF160FB7644B}.gcmodeller_desktop|Any CPU.Build.0 = gcmodeller_desktop|Any CPU
		{CCA475EC-5225-4C87-860B-CF160FB7644B}.gcmodeller_desktop|x64.ActiveCfg = gcmodeller_desktop|x64
		{CCA475EC-5225-4C87-860B-CF160FB7644B}.gcmodeller_desktop|x64.Build.0 = gcmodeller_desktop|x64
		{CCA475EC-5225-4C87-860B-CF160FB7644B}.gcmodeller_desktop|x86.ActiveCfg = gcmodeller_desktop|Any CPU
		{CCA475EC-5225-4C87-860B-CF160FB7644B}.gcmodeller_desktop|x86.Build.0 = gcmodeller_desktop|Any CPU
		{CCA475EC-5225-4C87-860B-CF160FB7644B}.LipidSearch|Any CPU.ActiveCfg = LipidSearch|Any CPU
		{CCA475EC-5225-4C87-860B-CF160FB7644B}.LipidSearch|Any CPU.Build.0 = LipidSearch|Any CPU
		{CCA475EC-5225-4C87-860B-CF160FB7644B}.LipidSearch|x64.ActiveCfg = LipidSearch|x64
		{CCA475EC-5225-4C87-860B-CF160FB7644B}.LipidSearch|x64.Build.0 = LipidSearch|x64
		{CCA475EC-5225-4C87-860B-CF160FB7644B}.LipidSearch|x86.ActiveCfg = LipidSearch|Any CPU
		{CCA475EC-5225-4C87-860B-CF160FB7644B}.LipidSearch|x86.Build.0 = LipidSearch|Any CPU
		{CCA475EC-5225-4C87-860B-CF160FB7644B}.mzkit_win32|Any CPU.ActiveCfg = mzkit_win32|Any CPU
		{CCA475EC-5225-4C87-860B-CF160FB7644B}.mzkit_win32|Any CPU.Build.0 = mzkit_win32|Any CPU
		{CCA475EC-5225-4C87-860B-CF160FB7644B}.mzkit_win32|x64.ActiveCfg = mzkit_win32|x64
		{CCA475EC-5225-4C87-860B-CF160FB7644B}.mzkit_win32|x64.Build.0 = mzkit_win32|x64
		{CCA475EC-5225-4C87-860B-CF160FB7644B}.mzkit_win32|x86.ActiveCfg = mzkit_win32|Any CPU
		{CCA475EC-5225-4C87-860B-CF160FB7644B}.mzkit_win32|x86.Build.0 = mzkit_win32|Any CPU
		{CCA475EC-5225-4C87-860B-CF160FB7644B}.mzkit|Any CPU.ActiveCfg = mzkit|Any CPU
		{CCA475EC-5225-4C87-860B-CF160FB7644B}.mzkit|Any CPU.Build.0 = mzkit|Any CPU
		{CCA475EC-5225-4C87-860B-CF160FB7644B}.mzkit|x64.ActiveCfg = mzkit|x64
		{CCA475EC-5225-4C87-860B-CF160FB7644B}.mzkit|x64.Build.0 = mzkit|x64
		{CCA475EC-5225-4C87-860B-CF160FB7644B}.mzkit|x86.ActiveCfg = mzkit|Any CPU
		{CCA475EC-5225-4C87-860B-CF160FB7644B}.mzkit|x86.Build.0 = mzkit|Any CPU
		{CCA475EC-5225-4C87-860B-CF160FB7644B}.NPSearch|Any CPU.ActiveCfg = NPSearch|Any CPU
		{CCA475EC-5225-4C87-860B-CF160FB7644B}.NPSearch|Any CPU.Build.0 = NPSearch|Any CPU
		{CCA475EC-5225-4C87-860B-CF160FB7644B}.NPSearch|x64.ActiveCfg = NPSearch|x64
		{CCA475EC-5225-4C87-860B-CF160FB7644B}.NPSearch|x64.Build.0 = NPSearch|x64
		{CCA475EC-5225-4C87-860B-CF160FB7644B}.NPSearch|x86.ActiveCfg = NPSearch|Any CPU
		{CCA475EC-5225-4C87-860B-CF160FB7644B}.NPSearch|x86.Build.0 = NPSearch|Any CPU
		{CCA475EC-5225-4C87-860B-CF160FB7644B}.PlantMAT|Any CPU.ActiveCfg = PlantMAT|Any CPU
		{CCA475EC-5225-4C87-860B-CF160FB7644B}.PlantMAT|Any CPU.Build.0 = PlantMAT|Any CPU
		{CCA475EC-5225-4C87-860B-CF160FB7644B}.PlantMAT|x64.ActiveCfg = PlantMAT|x64
		{CCA475EC-5225-4C87-860B-CF160FB7644B}.PlantMAT|x64.Build.0 = PlantMAT|x64
		{CCA475EC-5225-4C87-860B-CF160FB7644B}.PlantMAT|x86.ActiveCfg = PlantMAT|Any CPU
		{CCA475EC-5225-4C87-860B-CF160FB7644B}.PlantMAT|x86.Build.0 = PlantMAT|Any CPU
		{CCA475EC-5225-4C87-860B-CF160FB7644B}.Release|Any CPU.ActiveCfg = Release|Any CPU
		{CCA475EC-5225-4C87-860B-CF160FB7644B}.Release|Any CPU.Build.0 = Release|Any CPU
		{CCA475EC-5225-4C87-860B-CF160FB7644B}.Release|x64.ActiveCfg = Release|x64
		{CCA475EC-5225-4C87-860B-CF160FB7644B}.Release|x64.Build.0 = Release|x64
		{CCA475EC-5225-4C87-860B-CF160FB7644B}.Release|x86.ActiveCfg = Release|Any CPU
		{CCA475EC-5225-4C87-860B-CF160FB7644B}.Release|x86.Build.0 = Release|Any CPU
		{CCA475EC-5225-4C87-860B-CF160FB7644B}.Rsharp_app_release|Any CPU.ActiveCfg = Rsharp_app_release|Any CPU
		{CCA475EC-5225-4C87-860B-CF160FB7644B}.Rsharp_app_release|Any CPU.Build.0 = Rsharp_app_release|Any CPU
		{CCA475EC-5225-4C87-860B-CF160FB7644B}.Rsharp_app_release|x64.ActiveCfg = Rsharp_app_release|x64
		{CCA475EC-5225-4C87-860B-CF160FB7644B}.Rsharp_app_release|x64.Build.0 = Rsharp_app_release|x64
		{CCA475EC-5225-4C87-860B-CF160FB7644B}.Rsharp_app_release|x86.ActiveCfg = Rsharp_app_release|Any CPU
		{CCA475EC-5225-4C87-860B-CF160FB7644B}.Rsharp_app_release|x86.Build.0 = Rsharp_app_release|Any CPU
		{F947E144-7B33-424E-90B1-17A1BD638C15}.Debug|Any CPU.ActiveCfg = Debug|Any CPU
		{F947E144-7B33-424E-90B1-17A1BD638C15}.Debug|Any CPU.Build.0 = Debug|Any CPU
		{F947E144-7B33-424E-90B1-17A1BD638C15}.Debug|x64.ActiveCfg = Debug|x64
		{F947E144-7B33-424E-90B1-17A1BD638C15}.Debug|x64.Build.0 = Debug|x64
		{F947E144-7B33-424E-90B1-17A1BD638C15}.Debug|x86.ActiveCfg = Debug|Any CPU
		{F947E144-7B33-424E-90B1-17A1BD638C15}.Debug|x86.Build.0 = Debug|Any CPU
		{F947E144-7B33-424E-90B1-17A1BD638C15}.Docker|Any CPU.ActiveCfg = Debug|Any CPU
		{F947E144-7B33-424E-90B1-17A1BD638C15}.Docker|Any CPU.Build.0 = Debug|Any CPU
		{F947E144-7B33-424E-90B1-17A1BD638C15}.Docker|x64.ActiveCfg = Debug|x64
		{F947E144-7B33-424E-90B1-17A1BD638C15}.Docker|x64.Build.0 = Debug|x64
		{F947E144-7B33-424E-90B1-17A1BD638C15}.Docker|x86.ActiveCfg = Debug|Any CPU
		{F947E144-7B33-424E-90B1-17A1BD638C15}.Docker|x86.Build.0 = Debug|Any CPU
		{F947E144-7B33-424E-90B1-17A1BD638C15}.gcmodeller_desktop|Any CPU.ActiveCfg = gcmodeller_desktop|Any CPU
		{F947E144-7B33-424E-90B1-17A1BD638C15}.gcmodeller_desktop|Any CPU.Build.0 = gcmodeller_desktop|Any CPU
		{F947E144-7B33-424E-90B1-17A1BD638C15}.gcmodeller_desktop|x64.ActiveCfg = gcmodeller_desktop|x64
		{F947E144-7B33-424E-90B1-17A1BD638C15}.gcmodeller_desktop|x64.Build.0 = gcmodeller_desktop|x64
		{F947E144-7B33-424E-90B1-17A1BD638C15}.gcmodeller_desktop|x86.ActiveCfg = gcmodeller_desktop|Any CPU
		{F947E144-7B33-424E-90B1-17A1BD638C15}.gcmodeller_desktop|x86.Build.0 = gcmodeller_desktop|Any CPU
		{F947E144-7B33-424E-90B1-17A1BD638C15}.LipidSearch|Any CPU.ActiveCfg = LipidSearch|Any CPU
		{F947E144-7B33-424E-90B1-17A1BD638C15}.LipidSearch|Any CPU.Build.0 = LipidSearch|Any CPU
		{F947E144-7B33-424E-90B1-17A1BD638C15}.LipidSearch|x64.ActiveCfg = LipidSearch|x64
		{F947E144-7B33-424E-90B1-17A1BD638C15}.LipidSearch|x64.Build.0 = LipidSearch|x64
		{F947E144-7B33-424E-90B1-17A1BD638C15}.LipidSearch|x86.ActiveCfg = LipidSearch|Any CPU
		{F947E144-7B33-424E-90B1-17A1BD638C15}.LipidSearch|x86.Build.0 = LipidSearch|Any CPU
		{F947E144-7B33-424E-90B1-17A1BD638C15}.mzkit_win32|Any CPU.ActiveCfg = mzkit|Any CPU
		{F947E144-7B33-424E-90B1-17A1BD638C15}.mzkit_win32|Any CPU.Build.0 = mzkit|Any CPU
		{F947E144-7B33-424E-90B1-17A1BD638C15}.mzkit_win32|x64.ActiveCfg = mzkit|x64
		{F947E144-7B33-424E-90B1-17A1BD638C15}.mzkit_win32|x64.Build.0 = mzkit|x64
		{F947E144-7B33-424E-90B1-17A1BD638C15}.mzkit_win32|x86.ActiveCfg = mzkit|Any CPU
		{F947E144-7B33-424E-90B1-17A1BD638C15}.mzkit_win32|x86.Build.0 = mzkit|Any CPU
		{F947E144-7B33-424E-90B1-17A1BD638C15}.mzkit|Any CPU.ActiveCfg = mzkit|Any CPU
		{F947E144-7B33-424E-90B1-17A1BD638C15}.mzkit|Any CPU.Build.0 = mzkit|Any CPU
		{F947E144-7B33-424E-90B1-17A1BD638C15}.mzkit|x64.ActiveCfg = mzkit|x64
		{F947E144-7B33-424E-90B1-17A1BD638C15}.mzkit|x64.Build.0 = mzkit|x64
		{F947E144-7B33-424E-90B1-17A1BD638C15}.mzkit|x86.ActiveCfg = mzkit|Any CPU
		{F947E144-7B33-424E-90B1-17A1BD638C15}.mzkit|x86.Build.0 = mzkit|Any CPU
		{F947E144-7B33-424E-90B1-17A1BD638C15}.NPSearch|Any CPU.ActiveCfg = NPSearch|Any CPU
		{F947E144-7B33-424E-90B1-17A1BD638C15}.NPSearch|Any CPU.Build.0 = NPSearch|Any CPU
		{F947E144-7B33-424E-90B1-17A1BD638C15}.NPSearch|x64.ActiveCfg = NPSearch|x64
		{F947E144-7B33-424E-90B1-17A1BD638C15}.NPSearch|x64.Build.0 = NPSearch|x64
		{F947E144-7B33-424E-90B1-17A1BD638C15}.NPSearch|x86.ActiveCfg = NPSearch|Any CPU
		{F947E144-7B33-424E-90B1-17A1BD638C15}.NPSearch|x86.Build.0 = NPSearch|Any CPU
		{F947E144-7B33-424E-90B1-17A1BD638C15}.PlantMAT|Any CPU.ActiveCfg = PlantMAT|Any CPU
		{F947E144-7B33-424E-90B1-17A1BD638C15}.PlantMAT|Any CPU.Build.0 = PlantMAT|Any CPU
		{F947E144-7B33-424E-90B1-17A1BD638C15}.PlantMAT|x64.ActiveCfg = PlantMAT|x64
		{F947E144-7B33-424E-90B1-17A1BD638C15}.PlantMAT|x64.Build.0 = PlantMAT|x64
		{F947E144-7B33-424E-90B1-17A1BD638C15}.PlantMAT|x86.ActiveCfg = PlantMAT|Any CPU
		{F947E144-7B33-424E-90B1-17A1BD638C15}.PlantMAT|x86.Build.0 = PlantMAT|Any CPU
		{F947E144-7B33-424E-90B1-17A1BD638C15}.Release|Any CPU.ActiveCfg = Release|Any CPU
		{F947E144-7B33-424E-90B1-17A1BD638C15}.Release|Any CPU.Build.0 = Release|Any CPU
		{F947E144-7B33-424E-90B1-17A1BD638C15}.Release|x64.ActiveCfg = Release|x64
		{F947E144-7B33-424E-90B1-17A1BD638C15}.Release|x64.Build.0 = Release|x64
		{F947E144-7B33-424E-90B1-17A1BD638C15}.Release|x86.ActiveCfg = Release|Any CPU
		{F947E144-7B33-424E-90B1-17A1BD638C15}.Release|x86.Build.0 = Release|Any CPU
		{F947E144-7B33-424E-90B1-17A1BD638C15}.Rsharp_app_release|Any CPU.ActiveCfg = Rsharp_app_release|Any CPU
		{F947E144-7B33-424E-90B1-17A1BD638C15}.Rsharp_app_release|Any CPU.Build.0 = Rsharp_app_release|Any CPU
		{F947E144-7B33-424E-90B1-17A1BD638C15}.Rsharp_app_release|x64.ActiveCfg = Rsharp_app_release|x64
		{F947E144-7B33-424E-90B1-17A1BD638C15}.Rsharp_app_release|x64.Build.0 = Rsharp_app_release|x64
		{F947E144-7B33-424E-90B1-17A1BD638C15}.Rsharp_app_release|x86.ActiveCfg = Rsharp_app_release|Any CPU
		{F947E144-7B33-424E-90B1-17A1BD638C15}.Rsharp_app_release|x86.Build.0 = Rsharp_app_release|Any CPU
		{075ED280-EE31-4CB2-B0CB-B4126614F214}.Debug|Any CPU.ActiveCfg = Debug|Any CPU
		{075ED280-EE31-4CB2-B0CB-B4126614F214}.Debug|Any CPU.Build.0 = Debug|Any CPU
		{075ED280-EE31-4CB2-B0CB-B4126614F214}.Debug|x64.ActiveCfg = Debug|x64
		{075ED280-EE31-4CB2-B0CB-B4126614F214}.Debug|x64.Build.0 = Debug|x64
		{075ED280-EE31-4CB2-B0CB-B4126614F214}.Debug|x86.ActiveCfg = Debug|Any CPU
		{075ED280-EE31-4CB2-B0CB-B4126614F214}.Debug|x86.Build.0 = Debug|Any CPU
		{075ED280-EE31-4CB2-B0CB-B4126614F214}.Docker|Any CPU.ActiveCfg = Debug|Any CPU
		{075ED280-EE31-4CB2-B0CB-B4126614F214}.Docker|Any CPU.Build.0 = Debug|Any CPU
		{075ED280-EE31-4CB2-B0CB-B4126614F214}.Docker|x64.ActiveCfg = Debug|x64
		{075ED280-EE31-4CB2-B0CB-B4126614F214}.Docker|x64.Build.0 = Debug|x64
		{075ED280-EE31-4CB2-B0CB-B4126614F214}.Docker|x86.ActiveCfg = Debug|Any CPU
		{075ED280-EE31-4CB2-B0CB-B4126614F214}.Docker|x86.Build.0 = Debug|Any CPU
		{075ED280-EE31-4CB2-B0CB-B4126614F214}.gcmodeller_desktop|Any CPU.ActiveCfg = gcmodeller_desktop|Any CPU
		{075ED280-EE31-4CB2-B0CB-B4126614F214}.gcmodeller_desktop|Any CPU.Build.0 = gcmodeller_desktop|Any CPU
		{075ED280-EE31-4CB2-B0CB-B4126614F214}.gcmodeller_desktop|x64.ActiveCfg = gcmodeller_desktop|x64
		{075ED280-EE31-4CB2-B0CB-B4126614F214}.gcmodeller_desktop|x64.Build.0 = gcmodeller_desktop|x64
		{075ED280-EE31-4CB2-B0CB-B4126614F214}.gcmodeller_desktop|x86.ActiveCfg = gcmodeller_desktop|Any CPU
		{075ED280-EE31-4CB2-B0CB-B4126614F214}.gcmodeller_desktop|x86.Build.0 = gcmodeller_desktop|Any CPU
		{075ED280-EE31-4CB2-B0CB-B4126614F214}.LipidSearch|Any CPU.ActiveCfg = Debug|Any CPU
		{075ED280-EE31-4CB2-B0CB-B4126614F214}.LipidSearch|Any CPU.Build.0 = Debug|Any CPU
		{075ED280-EE31-4CB2-B0CB-B4126614F214}.LipidSearch|x64.ActiveCfg = Debug|x64
		{075ED280-EE31-4CB2-B0CB-B4126614F214}.LipidSearch|x64.Build.0 = Debug|x64
		{075ED280-EE31-4CB2-B0CB-B4126614F214}.LipidSearch|x86.ActiveCfg = Debug|Any CPU
		{075ED280-EE31-4CB2-B0CB-B4126614F214}.LipidSearch|x86.Build.0 = Debug|Any CPU
		{075ED280-EE31-4CB2-B0CB-B4126614F214}.mzkit_win32|Any CPU.ActiveCfg = mzkit_win32|Any CPU
		{075ED280-EE31-4CB2-B0CB-B4126614F214}.mzkit_win32|Any CPU.Build.0 = mzkit_win32|Any CPU
		{075ED280-EE31-4CB2-B0CB-B4126614F214}.mzkit_win32|x64.ActiveCfg = mzkit_win32|x64
		{075ED280-EE31-4CB2-B0CB-B4126614F214}.mzkit_win32|x64.Build.0 = mzkit_win32|x64
		{075ED280-EE31-4CB2-B0CB-B4126614F214}.mzkit_win32|x86.ActiveCfg = mzkit_win32|Any CPU
		{075ED280-EE31-4CB2-B0CB-B4126614F214}.mzkit_win32|x86.Build.0 = mzkit_win32|Any CPU
		{075ED280-EE31-4CB2-B0CB-B4126614F214}.mzkit|Any CPU.ActiveCfg = mzkit|Any CPU
		{075ED280-EE31-4CB2-B0CB-B4126614F214}.mzkit|Any CPU.Build.0 = mzkit|Any CPU
		{075ED280-EE31-4CB2-B0CB-B4126614F214}.mzkit|x64.ActiveCfg = mzkit|x64
		{075ED280-EE31-4CB2-B0CB-B4126614F214}.mzkit|x64.Build.0 = mzkit|x64
		{075ED280-EE31-4CB2-B0CB-B4126614F214}.mzkit|x86.ActiveCfg = mzkit|Any CPU
		{075ED280-EE31-4CB2-B0CB-B4126614F214}.mzkit|x86.Build.0 = mzkit|Any CPU
		{075ED280-EE31-4CB2-B0CB-B4126614F214}.NPSearch|Any CPU.ActiveCfg = Debug|Any CPU
		{075ED280-EE31-4CB2-B0CB-B4126614F214}.NPSearch|Any CPU.Build.0 = Debug|Any CPU
		{075ED280-EE31-4CB2-B0CB-B4126614F214}.NPSearch|x64.ActiveCfg = Debug|x64
		{075ED280-EE31-4CB2-B0CB-B4126614F214}.NPSearch|x64.Build.0 = Debug|x64
		{075ED280-EE31-4CB2-B0CB-B4126614F214}.NPSearch|x86.ActiveCfg = Debug|Any CPU
		{075ED280-EE31-4CB2-B0CB-B4126614F214}.NPSearch|x86.Build.0 = Debug|Any CPU
		{075ED280-EE31-4CB2-B0CB-B4126614F214}.PlantMAT|Any CPU.ActiveCfg = Debug|Any CPU
		{075ED280-EE31-4CB2-B0CB-B4126614F214}.PlantMAT|Any CPU.Build.0 = Debug|Any CPU
		{075ED280-EE31-4CB2-B0CB-B4126614F214}.PlantMAT|x64.ActiveCfg = Debug|x64
		{075ED280-EE31-4CB2-B0CB-B4126614F214}.PlantMAT|x64.Build.0 = Debug|x64
		{075ED280-EE31-4CB2-B0CB-B4126614F214}.PlantMAT|x86.ActiveCfg = Debug|Any CPU
		{075ED280-EE31-4CB2-B0CB-B4126614F214}.PlantMAT|x86.Build.0 = Debug|Any CPU
		{075ED280-EE31-4CB2-B0CB-B4126614F214}.Release|Any CPU.ActiveCfg = Release|Any CPU
		{075ED280-EE31-4CB2-B0CB-B4126614F214}.Release|Any CPU.Build.0 = Release|Any CPU
		{075ED280-EE31-4CB2-B0CB-B4126614F214}.Release|x64.ActiveCfg = Release|x64
		{075ED280-EE31-4CB2-B0CB-B4126614F214}.Release|x64.Build.0 = Release|x64
		{075ED280-EE31-4CB2-B0CB-B4126614F214}.Release|x86.ActiveCfg = Release|Any CPU
		{075ED280-EE31-4CB2-B0CB-B4126614F214}.Release|x86.Build.0 = Release|Any CPU
		{075ED280-EE31-4CB2-B0CB-B4126614F214}.Rsharp_app_release|Any CPU.ActiveCfg = Rsharp_app_release|Any CPU
		{075ED280-EE31-4CB2-B0CB-B4126614F214}.Rsharp_app_release|Any CPU.Build.0 = Rsharp_app_release|Any CPU
		{075ED280-EE31-4CB2-B0CB-B4126614F214}.Rsharp_app_release|x64.ActiveCfg = Rsharp_app_release|x64
		{075ED280-EE31-4CB2-B0CB-B4126614F214}.Rsharp_app_release|x64.Build.0 = Rsharp_app_release|x64
		{075ED280-EE31-4CB2-B0CB-B4126614F214}.Rsharp_app_release|x86.ActiveCfg = Rsharp_app_release|Any CPU
		{075ED280-EE31-4CB2-B0CB-B4126614F214}.Rsharp_app_release|x86.Build.0 = Rsharp_app_release|Any CPU
		{06429979-D5C3-4186-85BB-B37E5DDF00E1}.Debug|Any CPU.ActiveCfg = Debug|Any CPU
		{06429979-D5C3-4186-85BB-B37E5DDF00E1}.Debug|Any CPU.Build.0 = Debug|Any CPU
		{06429979-D5C3-4186-85BB-B37E5DDF00E1}.Debug|x64.ActiveCfg = Debug|x64
		{06429979-D5C3-4186-85BB-B37E5DDF00E1}.Debug|x64.Build.0 = Debug|x64
		{06429979-D5C3-4186-85BB-B37E5DDF00E1}.Debug|x86.ActiveCfg = Debug|Any CPU
		{06429979-D5C3-4186-85BB-B37E5DDF00E1}.Debug|x86.Build.0 = Debug|Any CPU
		{06429979-D5C3-4186-85BB-B37E5DDF00E1}.Docker|Any CPU.ActiveCfg = Debug|Any CPU
		{06429979-D5C3-4186-85BB-B37E5DDF00E1}.Docker|Any CPU.Build.0 = Debug|Any CPU
		{06429979-D5C3-4186-85BB-B37E5DDF00E1}.Docker|x64.ActiveCfg = Debug|x64
		{06429979-D5C3-4186-85BB-B37E5DDF00E1}.Docker|x64.Build.0 = Debug|x64
		{06429979-D5C3-4186-85BB-B37E5DDF00E1}.Docker|x86.ActiveCfg = Debug|Any CPU
		{06429979-D5C3-4186-85BB-B37E5DDF00E1}.Docker|x86.Build.0 = Debug|Any CPU
		{06429979-D5C3-4186-85BB-B37E5DDF00E1}.gcmodeller_desktop|Any CPU.ActiveCfg = Debug|Any CPU
		{06429979-D5C3-4186-85BB-B37E5DDF00E1}.gcmodeller_desktop|Any CPU.Build.0 = Debug|Any CPU
		{06429979-D5C3-4186-85BB-B37E5DDF00E1}.gcmodeller_desktop|x64.ActiveCfg = Debug|x64
		{06429979-D5C3-4186-85BB-B37E5DDF00E1}.gcmodeller_desktop|x64.Build.0 = Debug|x64
		{06429979-D5C3-4186-85BB-B37E5DDF00E1}.gcmodeller_desktop|x86.ActiveCfg = Debug|Any CPU
		{06429979-D5C3-4186-85BB-B37E5DDF00E1}.gcmodeller_desktop|x86.Build.0 = Debug|Any CPU
		{06429979-D5C3-4186-85BB-B37E5DDF00E1}.LipidSearch|Any CPU.ActiveCfg = Debug|Any CPU
		{06429979-D5C3-4186-85BB-B37E5DDF00E1}.LipidSearch|Any CPU.Build.0 = Debug|Any CPU
		{06429979-D5C3-4186-85BB-B37E5DDF00E1}.LipidSearch|x64.ActiveCfg = Debug|x64
		{06429979-D5C3-4186-85BB-B37E5DDF00E1}.LipidSearch|x64.Build.0 = Debug|x64
		{06429979-D5C3-4186-85BB-B37E5DDF00E1}.LipidSearch|x86.ActiveCfg = Debug|Any CPU
		{06429979-D5C3-4186-85BB-B37E5DDF00E1}.LipidSearch|x86.Build.0 = Debug|Any CPU
		{06429979-D5C3-4186-85BB-B37E5DDF00E1}.mzkit_win32|Any CPU.ActiveCfg = mzkit_win32|Any CPU
		{06429979-D5C3-4186-85BB-B37E5DDF00E1}.mzkit_win32|Any CPU.Build.0 = mzkit_win32|Any CPU
		{06429979-D5C3-4186-85BB-B37E5DDF00E1}.mzkit_win32|x64.ActiveCfg = mzkit_win32|x64
		{06429979-D5C3-4186-85BB-B37E5DDF00E1}.mzkit_win32|x64.Build.0 = mzkit_win32|x64
		{06429979-D5C3-4186-85BB-B37E5DDF00E1}.mzkit_win32|x86.ActiveCfg = mzkit_win32|Any CPU
		{06429979-D5C3-4186-85BB-B37E5DDF00E1}.mzkit_win32|x86.Build.0 = mzkit_win32|Any CPU
		{06429979-D5C3-4186-85BB-B37E5DDF00E1}.mzkit|Any CPU.ActiveCfg = mzkit_win32|Any CPU
		{06429979-D5C3-4186-85BB-B37E5DDF00E1}.mzkit|Any CPU.Build.0 = mzkit_win32|Any CPU
		{06429979-D5C3-4186-85BB-B37E5DDF00E1}.mzkit|x64.ActiveCfg = mzkit_win32|x64
		{06429979-D5C3-4186-85BB-B37E5DDF00E1}.mzkit|x64.Build.0 = mzkit_win32|x64
		{06429979-D5C3-4186-85BB-B37E5DDF00E1}.mzkit|x86.ActiveCfg = mzkit_win32|Any CPU
		{06429979-D5C3-4186-85BB-B37E5DDF00E1}.mzkit|x86.Build.0 = mzkit_win32|Any CPU
		{06429979-D5C3-4186-85BB-B37E5DDF00E1}.NPSearch|Any CPU.ActiveCfg = Debug|Any CPU
		{06429979-D5C3-4186-85BB-B37E5DDF00E1}.NPSearch|Any CPU.Build.0 = Debug|Any CPU
		{06429979-D5C3-4186-85BB-B37E5DDF00E1}.NPSearch|x64.ActiveCfg = Debug|x64
		{06429979-D5C3-4186-85BB-B37E5DDF00E1}.NPSearch|x64.Build.0 = Debug|x64
		{06429979-D5C3-4186-85BB-B37E5DDF00E1}.NPSearch|x86.ActiveCfg = Debug|Any CPU
		{06429979-D5C3-4186-85BB-B37E5DDF00E1}.NPSearch|x86.Build.0 = Debug|Any CPU
		{06429979-D5C3-4186-85BB-B37E5DDF00E1}.PlantMAT|Any CPU.ActiveCfg = Debug|Any CPU
		{06429979-D5C3-4186-85BB-B37E5DDF00E1}.PlantMAT|Any CPU.Build.0 = Debug|Any CPU
		{06429979-D5C3-4186-85BB-B37E5DDF00E1}.PlantMAT|x64.ActiveCfg = Debug|x64
		{06429979-D5C3-4186-85BB-B37E5DDF00E1}.PlantMAT|x64.Build.0 = Debug|x64
		{06429979-D5C3-4186-85BB-B37E5DDF00E1}.PlantMAT|x86.ActiveCfg = Debug|Any CPU
		{06429979-D5C3-4186-85BB-B37E5DDF00E1}.PlantMAT|x86.Build.0 = Debug|Any CPU
		{06429979-D5C3-4186-85BB-B37E5DDF00E1}.Release|Any CPU.ActiveCfg = Release|Any CPU
		{06429979-D5C3-4186-85BB-B37E5DDF00E1}.Release|Any CPU.Build.0 = Release|Any CPU
		{06429979-D5C3-4186-85BB-B37E5DDF00E1}.Release|x64.ActiveCfg = Release|x64
		{06429979-D5C3-4186-85BB-B37E5DDF00E1}.Release|x64.Build.0 = Release|x64
		{06429979-D5C3-4186-85BB-B37E5DDF00E1}.Release|x86.ActiveCfg = Release|Any CPU
		{06429979-D5C3-4186-85BB-B37E5DDF00E1}.Release|x86.Build.0 = Release|Any CPU
		{06429979-D5C3-4186-85BB-B37E5DDF00E1}.Rsharp_app_release|Any CPU.ActiveCfg = Rsharp_app_release|Any CPU
		{06429979-D5C3-4186-85BB-B37E5DDF00E1}.Rsharp_app_release|Any CPU.Build.0 = Rsharp_app_release|Any CPU
		{06429979-D5C3-4186-85BB-B37E5DDF00E1}.Rsharp_app_release|x64.ActiveCfg = Rsharp_app_release|x64
		{06429979-D5C3-4186-85BB-B37E5DDF00E1}.Rsharp_app_release|x64.Build.0 = Rsharp_app_release|x64
		{06429979-D5C3-4186-85BB-B37E5DDF00E1}.Rsharp_app_release|x86.ActiveCfg = Rsharp_app_release|Any CPU
		{06429979-D5C3-4186-85BB-B37E5DDF00E1}.Rsharp_app_release|x86.Build.0 = Rsharp_app_release|Any CPU
		{D8FAE6DF-94AF-4206-A411-0FB5CEFFFB88}.Debug|Any CPU.ActiveCfg = Debug|Any CPU
		{D8FAE6DF-94AF-4206-A411-0FB5CEFFFB88}.Debug|Any CPU.Build.0 = Debug|Any CPU
		{D8FAE6DF-94AF-4206-A411-0FB5CEFFFB88}.Debug|x64.ActiveCfg = Debug|x64
		{D8FAE6DF-94AF-4206-A411-0FB5CEFFFB88}.Debug|x64.Build.0 = Debug|x64
		{D8FAE6DF-94AF-4206-A411-0FB5CEFFFB88}.Debug|x86.ActiveCfg = Debug|Any CPU
		{D8FAE6DF-94AF-4206-A411-0FB5CEFFFB88}.Debug|x86.Build.0 = Debug|Any CPU
		{D8FAE6DF-94AF-4206-A411-0FB5CEFFFB88}.Docker|Any CPU.ActiveCfg = Debug|Any CPU
		{D8FAE6DF-94AF-4206-A411-0FB5CEFFFB88}.Docker|Any CPU.Build.0 = Debug|Any CPU
		{D8FAE6DF-94AF-4206-A411-0FB5CEFFFB88}.Docker|x64.ActiveCfg = Debug|x64
		{D8FAE6DF-94AF-4206-A411-0FB5CEFFFB88}.Docker|x64.Build.0 = Debug|x64
		{D8FAE6DF-94AF-4206-A411-0FB5CEFFFB88}.Docker|x86.ActiveCfg = Debug|Any CPU
		{D8FAE6DF-94AF-4206-A411-0FB5CEFFFB88}.Docker|x86.Build.0 = Debug|Any CPU
		{D8FAE6DF-94AF-4206-A411-0FB5CEFFFB88}.gcmodeller_desktop|Any CPU.ActiveCfg = gcmodeller_desktop|Any CPU
		{D8FAE6DF-94AF-4206-A411-0FB5CEFFFB88}.gcmodeller_desktop|Any CPU.Build.0 = gcmodeller_desktop|Any CPU
		{D8FAE6DF-94AF-4206-A411-0FB5CEFFFB88}.gcmodeller_desktop|x64.ActiveCfg = gcmodeller_desktop|x64
		{D8FAE6DF-94AF-4206-A411-0FB5CEFFFB88}.gcmodeller_desktop|x64.Build.0 = gcmodeller_desktop|x64
		{D8FAE6DF-94AF-4206-A411-0FB5CEFFFB88}.gcmodeller_desktop|x86.ActiveCfg = gcmodeller_desktop|Any CPU
		{D8FAE6DF-94AF-4206-A411-0FB5CEFFFB88}.gcmodeller_desktop|x86.Build.0 = gcmodeller_desktop|Any CPU
		{D8FAE6DF-94AF-4206-A411-0FB5CEFFFB88}.LipidSearch|Any CPU.ActiveCfg = LipidSearch|Any CPU
		{D8FAE6DF-94AF-4206-A411-0FB5CEFFFB88}.LipidSearch|Any CPU.Build.0 = LipidSearch|Any CPU
		{D8FAE6DF-94AF-4206-A411-0FB5CEFFFB88}.LipidSearch|x64.ActiveCfg = LipidSearch|x64
		{D8FAE6DF-94AF-4206-A411-0FB5CEFFFB88}.LipidSearch|x64.Build.0 = LipidSearch|x64
		{D8FAE6DF-94AF-4206-A411-0FB5CEFFFB88}.LipidSearch|x86.ActiveCfg = LipidSearch|Any CPU
		{D8FAE6DF-94AF-4206-A411-0FB5CEFFFB88}.LipidSearch|x86.Build.0 = LipidSearch|Any CPU
		{D8FAE6DF-94AF-4206-A411-0FB5CEFFFB88}.mzkit_win32|Any CPU.ActiveCfg = mzkit_win32|Any CPU
		{D8FAE6DF-94AF-4206-A411-0FB5CEFFFB88}.mzkit_win32|Any CPU.Build.0 = mzkit_win32|Any CPU
		{D8FAE6DF-94AF-4206-A411-0FB5CEFFFB88}.mzkit_win32|x64.ActiveCfg = mzkit_win32|x64
		{D8FAE6DF-94AF-4206-A411-0FB5CEFFFB88}.mzkit_win32|x64.Build.0 = mzkit_win32|x64
		{D8FAE6DF-94AF-4206-A411-0FB5CEFFFB88}.mzkit_win32|x86.ActiveCfg = mzkit_win32|Any CPU
		{D8FAE6DF-94AF-4206-A411-0FB5CEFFFB88}.mzkit_win32|x86.Build.0 = mzkit_win32|Any CPU
		{D8FAE6DF-94AF-4206-A411-0FB5CEFFFB88}.mzkit|Any CPU.ActiveCfg = mzkit|Any CPU
		{D8FAE6DF-94AF-4206-A411-0FB5CEFFFB88}.mzkit|Any CPU.Build.0 = mzkit|Any CPU
		{D8FAE6DF-94AF-4206-A411-0FB5CEFFFB88}.mzkit|x64.ActiveCfg = mzkit|x64
		{D8FAE6DF-94AF-4206-A411-0FB5CEFFFB88}.mzkit|x64.Build.0 = mzkit|x64
		{D8FAE6DF-94AF-4206-A411-0FB5CEFFFB88}.mzkit|x86.ActiveCfg = mzkit|Any CPU
		{D8FAE6DF-94AF-4206-A411-0FB5CEFFFB88}.mzkit|x86.Build.0 = mzkit|Any CPU
		{D8FAE6DF-94AF-4206-A411-0FB5CEFFFB88}.NPSearch|Any CPU.ActiveCfg = NPSearch|Any CPU
		{D8FAE6DF-94AF-4206-A411-0FB5CEFFFB88}.NPSearch|Any CPU.Build.0 = NPSearch|Any CPU
		{D8FAE6DF-94AF-4206-A411-0FB5CEFFFB88}.NPSearch|x64.ActiveCfg = NPSearch|x64
		{D8FAE6DF-94AF-4206-A411-0FB5CEFFFB88}.NPSearch|x64.Build.0 = NPSearch|x64
		{D8FAE6DF-94AF-4206-A411-0FB5CEFFFB88}.NPSearch|x86.ActiveCfg = NPSearch|Any CPU
		{D8FAE6DF-94AF-4206-A411-0FB5CEFFFB88}.NPSearch|x86.Build.0 = NPSearch|Any CPU
		{D8FAE6DF-94AF-4206-A411-0FB5CEFFFB88}.PlantMAT|Any CPU.ActiveCfg = PlantMAT|Any CPU
		{D8FAE6DF-94AF-4206-A411-0FB5CEFFFB88}.PlantMAT|Any CPU.Build.0 = PlantMAT|Any CPU
		{D8FAE6DF-94AF-4206-A411-0FB5CEFFFB88}.PlantMAT|x64.ActiveCfg = PlantMAT|x64
		{D8FAE6DF-94AF-4206-A411-0FB5CEFFFB88}.PlantMAT|x64.Build.0 = PlantMAT|x64
		{D8FAE6DF-94AF-4206-A411-0FB5CEFFFB88}.PlantMAT|x86.ActiveCfg = PlantMAT|Any CPU
		{D8FAE6DF-94AF-4206-A411-0FB5CEFFFB88}.PlantMAT|x86.Build.0 = PlantMAT|Any CPU
		{D8FAE6DF-94AF-4206-A411-0FB5CEFFFB88}.Release|Any CPU.ActiveCfg = Release|Any CPU
		{D8FAE6DF-94AF-4206-A411-0FB5CEFFFB88}.Release|Any CPU.Build.0 = Release|Any CPU
		{D8FAE6DF-94AF-4206-A411-0FB5CEFFFB88}.Release|x64.ActiveCfg = Release|x64
		{D8FAE6DF-94AF-4206-A411-0FB5CEFFFB88}.Release|x64.Build.0 = Release|x64
		{D8FAE6DF-94AF-4206-A411-0FB5CEFFFB88}.Release|x86.ActiveCfg = Release|Any CPU
		{D8FAE6DF-94AF-4206-A411-0FB5CEFFFB88}.Release|x86.Build.0 = Release|Any CPU
		{D8FAE6DF-94AF-4206-A411-0FB5CEFFFB88}.Rsharp_app_release|Any CPU.ActiveCfg = Rsharp_app_release|Any CPU
		{D8FAE6DF-94AF-4206-A411-0FB5CEFFFB88}.Rsharp_app_release|Any CPU.Build.0 = Rsharp_app_release|Any CPU
		{D8FAE6DF-94AF-4206-A411-0FB5CEFFFB88}.Rsharp_app_release|x64.ActiveCfg = Rsharp_app_release|x64
		{D8FAE6DF-94AF-4206-A411-0FB5CEFFFB88}.Rsharp_app_release|x64.Build.0 = Rsharp_app_release|x64
		{D8FAE6DF-94AF-4206-A411-0FB5CEFFFB88}.Rsharp_app_release|x86.ActiveCfg = Rsharp_app_release|Any CPU
		{D8FAE6DF-94AF-4206-A411-0FB5CEFFFB88}.Rsharp_app_release|x86.Build.0 = Rsharp_app_release|Any CPU
		{F90B3919-1395-4FEC-833C-1785168CDC24}.Debug|Any CPU.ActiveCfg = Debug|Any CPU
		{F90B3919-1395-4FEC-833C-1785168CDC24}.Debug|Any CPU.Build.0 = Debug|Any CPU
		{F90B3919-1395-4FEC-833C-1785168CDC24}.Debug|x64.ActiveCfg = Debug|x64
		{F90B3919-1395-4FEC-833C-1785168CDC24}.Debug|x64.Build.0 = Debug|x64
		{F90B3919-1395-4FEC-833C-1785168CDC24}.Debug|x86.ActiveCfg = Debug|Any CPU
		{F90B3919-1395-4FEC-833C-1785168CDC24}.Debug|x86.Build.0 = Debug|Any CPU
		{F90B3919-1395-4FEC-833C-1785168CDC24}.Docker|Any CPU.ActiveCfg = Debug|Any CPU
		{F90B3919-1395-4FEC-833C-1785168CDC24}.Docker|Any CPU.Build.0 = Debug|Any CPU
		{F90B3919-1395-4FEC-833C-1785168CDC24}.Docker|x64.ActiveCfg = Debug|x64
		{F90B3919-1395-4FEC-833C-1785168CDC24}.Docker|x64.Build.0 = Debug|x64
		{F90B3919-1395-4FEC-833C-1785168CDC24}.Docker|x86.ActiveCfg = Debug|Any CPU
		{F90B3919-1395-4FEC-833C-1785168CDC24}.Docker|x86.Build.0 = Debug|Any CPU
		{F90B3919-1395-4FEC-833C-1785168CDC24}.gcmodeller_desktop|Any CPU.ActiveCfg = gcmodeller_desktop|Any CPU
		{F90B3919-1395-4FEC-833C-1785168CDC24}.gcmodeller_desktop|Any CPU.Build.0 = gcmodeller_desktop|Any CPU
		{F90B3919-1395-4FEC-833C-1785168CDC24}.gcmodeller_desktop|x64.ActiveCfg = gcmodeller_desktop|x64
		{F90B3919-1395-4FEC-833C-1785168CDC24}.gcmodeller_desktop|x64.Build.0 = gcmodeller_desktop|x64
		{F90B3919-1395-4FEC-833C-1785168CDC24}.gcmodeller_desktop|x86.ActiveCfg = gcmodeller_desktop|Any CPU
		{F90B3919-1395-4FEC-833C-1785168CDC24}.gcmodeller_desktop|x86.Build.0 = gcmodeller_desktop|Any CPU
		{F90B3919-1395-4FEC-833C-1785168CDC24}.LipidSearch|Any CPU.ActiveCfg = LipidSearch|Any CPU
		{F90B3919-1395-4FEC-833C-1785168CDC24}.LipidSearch|Any CPU.Build.0 = LipidSearch|Any CPU
		{F90B3919-1395-4FEC-833C-1785168CDC24}.LipidSearch|x64.ActiveCfg = LipidSearch|x64
		{F90B3919-1395-4FEC-833C-1785168CDC24}.LipidSearch|x64.Build.0 = LipidSearch|x64
		{F90B3919-1395-4FEC-833C-1785168CDC24}.LipidSearch|x86.ActiveCfg = LipidSearch|Any CPU
		{F90B3919-1395-4FEC-833C-1785168CDC24}.LipidSearch|x86.Build.0 = LipidSearch|Any CPU
		{F90B3919-1395-4FEC-833C-1785168CDC24}.mzkit_win32|Any CPU.ActiveCfg = mzkit_win32|Any CPU
		{F90B3919-1395-4FEC-833C-1785168CDC24}.mzkit_win32|Any CPU.Build.0 = mzkit_win32|Any CPU
		{F90B3919-1395-4FEC-833C-1785168CDC24}.mzkit_win32|x64.ActiveCfg = mzkit_win32|x64
		{F90B3919-1395-4FEC-833C-1785168CDC24}.mzkit_win32|x64.Build.0 = mzkit_win32|x64
		{F90B3919-1395-4FEC-833C-1785168CDC24}.mzkit_win32|x86.ActiveCfg = mzkit_win32|Any CPU
		{F90B3919-1395-4FEC-833C-1785168CDC24}.mzkit_win32|x86.Build.0 = mzkit_win32|Any CPU
		{F90B3919-1395-4FEC-833C-1785168CDC24}.mzkit|Any CPU.ActiveCfg = mzkit|Any CPU
		{F90B3919-1395-4FEC-833C-1785168CDC24}.mzkit|Any CPU.Build.0 = mzkit|Any CPU
		{F90B3919-1395-4FEC-833C-1785168CDC24}.mzkit|x64.ActiveCfg = mzkit|x64
		{F90B3919-1395-4FEC-833C-1785168CDC24}.mzkit|x64.Build.0 = mzkit|x64
		{F90B3919-1395-4FEC-833C-1785168CDC24}.mzkit|x86.ActiveCfg = mzkit|Any CPU
		{F90B3919-1395-4FEC-833C-1785168CDC24}.mzkit|x86.Build.0 = mzkit|Any CPU
		{F90B3919-1395-4FEC-833C-1785168CDC24}.NPSearch|Any CPU.ActiveCfg = NPSearch|Any CPU
		{F90B3919-1395-4FEC-833C-1785168CDC24}.NPSearch|Any CPU.Build.0 = NPSearch|Any CPU
		{F90B3919-1395-4FEC-833C-1785168CDC24}.NPSearch|x64.ActiveCfg = NPSearch|x64
		{F90B3919-1395-4FEC-833C-1785168CDC24}.NPSearch|x64.Build.0 = NPSearch|x64
		{F90B3919-1395-4FEC-833C-1785168CDC24}.NPSearch|x86.ActiveCfg = NPSearch|Any CPU
		{F90B3919-1395-4FEC-833C-1785168CDC24}.NPSearch|x86.Build.0 = NPSearch|Any CPU
		{F90B3919-1395-4FEC-833C-1785168CDC24}.PlantMAT|Any CPU.ActiveCfg = Debug|Any CPU
		{F90B3919-1395-4FEC-833C-1785168CDC24}.PlantMAT|Any CPU.Build.0 = Debug|Any CPU
		{F90B3919-1395-4FEC-833C-1785168CDC24}.PlantMAT|x64.ActiveCfg = Debug|x64
		{F90B3919-1395-4FEC-833C-1785168CDC24}.PlantMAT|x64.Build.0 = Debug|x64
		{F90B3919-1395-4FEC-833C-1785168CDC24}.PlantMAT|x86.ActiveCfg = Debug|Any CPU
		{F90B3919-1395-4FEC-833C-1785168CDC24}.PlantMAT|x86.Build.0 = Debug|Any CPU
		{F90B3919-1395-4FEC-833C-1785168CDC24}.Release|Any CPU.ActiveCfg = Release|Any CPU
		{F90B3919-1395-4FEC-833C-1785168CDC24}.Release|Any CPU.Build.0 = Release|Any CPU
		{F90B3919-1395-4FEC-833C-1785168CDC24}.Release|x64.ActiveCfg = Release|x64
		{F90B3919-1395-4FEC-833C-1785168CDC24}.Release|x64.Build.0 = Release|x64
		{F90B3919-1395-4FEC-833C-1785168CDC24}.Release|x86.ActiveCfg = Release|Any CPU
		{F90B3919-1395-4FEC-833C-1785168CDC24}.Release|x86.Build.0 = Release|Any CPU
		{F90B3919-1395-4FEC-833C-1785168CDC24}.Rsharp_app_release|Any CPU.ActiveCfg = Rsharp_app_release|Any CPU
		{F90B3919-1395-4FEC-833C-1785168CDC24}.Rsharp_app_release|Any CPU.Build.0 = Rsharp_app_release|Any CPU
		{F90B3919-1395-4FEC-833C-1785168CDC24}.Rsharp_app_release|x64.ActiveCfg = Rsharp_app_release|x64
		{F90B3919-1395-4FEC-833C-1785168CDC24}.Rsharp_app_release|x64.Build.0 = Rsharp_app_release|x64
		{F90B3919-1395-4FEC-833C-1785168CDC24}.Rsharp_app_release|x86.ActiveCfg = Rsharp_app_release|Any CPU
		{F90B3919-1395-4FEC-833C-1785168CDC24}.Rsharp_app_release|x86.Build.0 = Rsharp_app_release|Any CPU
		{532CC93E-DE1B-447F-AD76-47D85A5C814F}.Debug|Any CPU.ActiveCfg = Debug|Any CPU
		{532CC93E-DE1B-447F-AD76-47D85A5C814F}.Debug|Any CPU.Build.0 = Debug|Any CPU
		{532CC93E-DE1B-447F-AD76-47D85A5C814F}.Debug|x64.ActiveCfg = Debug|x64
		{532CC93E-DE1B-447F-AD76-47D85A5C814F}.Debug|x64.Build.0 = Debug|x64
		{532CC93E-DE1B-447F-AD76-47D85A5C814F}.Debug|x86.ActiveCfg = Debug|Any CPU
		{532CC93E-DE1B-447F-AD76-47D85A5C814F}.Debug|x86.Build.0 = Debug|Any CPU
		{532CC93E-DE1B-447F-AD76-47D85A5C814F}.Docker|Any CPU.ActiveCfg = Debug|Any CPU
		{532CC93E-DE1B-447F-AD76-47D85A5C814F}.Docker|Any CPU.Build.0 = Debug|Any CPU
		{532CC93E-DE1B-447F-AD76-47D85A5C814F}.Docker|x64.ActiveCfg = Debug|x64
		{532CC93E-DE1B-447F-AD76-47D85A5C814F}.Docker|x64.Build.0 = Debug|x64
		{532CC93E-DE1B-447F-AD76-47D85A5C814F}.Docker|x86.ActiveCfg = Debug|Any CPU
		{532CC93E-DE1B-447F-AD76-47D85A5C814F}.Docker|x86.Build.0 = Debug|Any CPU
		{532CC93E-DE1B-447F-AD76-47D85A5C814F}.gcmodeller_desktop|Any CPU.ActiveCfg = gcmodeller_desktop|Any CPU
		{532CC93E-DE1B-447F-AD76-47D85A5C814F}.gcmodeller_desktop|Any CPU.Build.0 = gcmodeller_desktop|Any CPU
		{532CC93E-DE1B-447F-AD76-47D85A5C814F}.gcmodeller_desktop|x64.ActiveCfg = gcmodeller_desktop|x64
		{532CC93E-DE1B-447F-AD76-47D85A5C814F}.gcmodeller_desktop|x64.Build.0 = gcmodeller_desktop|x64
		{532CC93E-DE1B-447F-AD76-47D85A5C814F}.gcmodeller_desktop|x86.ActiveCfg = gcmodeller_desktop|Any CPU
		{532CC93E-DE1B-447F-AD76-47D85A5C814F}.gcmodeller_desktop|x86.Build.0 = gcmodeller_desktop|Any CPU
		{532CC93E-DE1B-447F-AD76-47D85A5C814F}.LipidSearch|Any CPU.ActiveCfg = LipidSearch|Any CPU
		{532CC93E-DE1B-447F-AD76-47D85A5C814F}.LipidSearch|Any CPU.Build.0 = LipidSearch|Any CPU
		{532CC93E-DE1B-447F-AD76-47D85A5C814F}.LipidSearch|x64.ActiveCfg = LipidSearch|x64
		{532CC93E-DE1B-447F-AD76-47D85A5C814F}.LipidSearch|x64.Build.0 = LipidSearch|x64
		{532CC93E-DE1B-447F-AD76-47D85A5C814F}.LipidSearch|x86.ActiveCfg = LipidSearch|Any CPU
		{532CC93E-DE1B-447F-AD76-47D85A5C814F}.LipidSearch|x86.Build.0 = LipidSearch|Any CPU
		{532CC93E-DE1B-447F-AD76-47D85A5C814F}.mzkit_win32|Any CPU.ActiveCfg = mzkit_win32|Any CPU
		{532CC93E-DE1B-447F-AD76-47D85A5C814F}.mzkit_win32|Any CPU.Build.0 = mzkit_win32|Any CPU
		{532CC93E-DE1B-447F-AD76-47D85A5C814F}.mzkit_win32|x64.ActiveCfg = mzkit_win32|x64
		{532CC93E-DE1B-447F-AD76-47D85A5C814F}.mzkit_win32|x64.Build.0 = mzkit_win32|x64
		{532CC93E-DE1B-447F-AD76-47D85A5C814F}.mzkit_win32|x86.ActiveCfg = mzkit_win32|Any CPU
		{532CC93E-DE1B-447F-AD76-47D85A5C814F}.mzkit_win32|x86.Build.0 = mzkit_win32|Any CPU
		{532CC93E-DE1B-447F-AD76-47D85A5C814F}.mzkit|Any CPU.ActiveCfg = mzkit|Any CPU
		{532CC93E-DE1B-447F-AD76-47D85A5C814F}.mzkit|Any CPU.Build.0 = mzkit|Any CPU
		{532CC93E-DE1B-447F-AD76-47D85A5C814F}.mzkit|x64.ActiveCfg = mzkit|x64
		{532CC93E-DE1B-447F-AD76-47D85A5C814F}.mzkit|x64.Build.0 = mzkit|x64
		{532CC93E-DE1B-447F-AD76-47D85A5C814F}.mzkit|x86.ActiveCfg = mzkit|Any CPU
		{532CC93E-DE1B-447F-AD76-47D85A5C814F}.mzkit|x86.Build.0 = mzkit|Any CPU
		{532CC93E-DE1B-447F-AD76-47D85A5C814F}.NPSearch|Any CPU.ActiveCfg = NPSearch|Any CPU
		{532CC93E-DE1B-447F-AD76-47D85A5C814F}.NPSearch|Any CPU.Build.0 = NPSearch|Any CPU
		{532CC93E-DE1B-447F-AD76-47D85A5C814F}.NPSearch|x64.ActiveCfg = NPSearch|x64
		{532CC93E-DE1B-447F-AD76-47D85A5C814F}.NPSearch|x64.Build.0 = NPSearch|x64
		{532CC93E-DE1B-447F-AD76-47D85A5C814F}.NPSearch|x86.ActiveCfg = NPSearch|Any CPU
		{532CC93E-DE1B-447F-AD76-47D85A5C814F}.NPSearch|x86.Build.0 = NPSearch|Any CPU
		{532CC93E-DE1B-447F-AD76-47D85A5C814F}.PlantMAT|Any CPU.ActiveCfg = Debug|Any CPU
		{532CC93E-DE1B-447F-AD76-47D85A5C814F}.PlantMAT|Any CPU.Build.0 = Debug|Any CPU
		{532CC93E-DE1B-447F-AD76-47D85A5C814F}.PlantMAT|x64.ActiveCfg = Debug|x64
		{532CC93E-DE1B-447F-AD76-47D85A5C814F}.PlantMAT|x64.Build.0 = Debug|x64
		{532CC93E-DE1B-447F-AD76-47D85A5C814F}.PlantMAT|x86.ActiveCfg = Debug|Any CPU
		{532CC93E-DE1B-447F-AD76-47D85A5C814F}.PlantMAT|x86.Build.0 = Debug|Any CPU
		{532CC93E-DE1B-447F-AD76-47D85A5C814F}.Release|Any CPU.ActiveCfg = Release|Any CPU
		{532CC93E-DE1B-447F-AD76-47D85A5C814F}.Release|Any CPU.Build.0 = Release|Any CPU
		{532CC93E-DE1B-447F-AD76-47D85A5C814F}.Release|x64.ActiveCfg = Release|x64
		{532CC93E-DE1B-447F-AD76-47D85A5C814F}.Release|x64.Build.0 = Release|x64
		{532CC93E-DE1B-447F-AD76-47D85A5C814F}.Release|x86.ActiveCfg = Release|Any CPU
		{532CC93E-DE1B-447F-AD76-47D85A5C814F}.Release|x86.Build.0 = Release|Any CPU
		{532CC93E-DE1B-447F-AD76-47D85A5C814F}.Rsharp_app_release|Any CPU.ActiveCfg = Rsharp_app_release|Any CPU
		{532CC93E-DE1B-447F-AD76-47D85A5C814F}.Rsharp_app_release|Any CPU.Build.0 = Rsharp_app_release|Any CPU
		{532CC93E-DE1B-447F-AD76-47D85A5C814F}.Rsharp_app_release|x64.ActiveCfg = Rsharp_app_release|x64
		{532CC93E-DE1B-447F-AD76-47D85A5C814F}.Rsharp_app_release|x64.Build.0 = Rsharp_app_release|x64
		{532CC93E-DE1B-447F-AD76-47D85A5C814F}.Rsharp_app_release|x86.ActiveCfg = Rsharp_app_release|Any CPU
		{532CC93E-DE1B-447F-AD76-47D85A5C814F}.Rsharp_app_release|x86.Build.0 = Rsharp_app_release|Any CPU
		{608F5B3D-83FE-46B1-B1EE-4D0A58D4B51A}.Debug|Any CPU.ActiveCfg = Debug|Any CPU
		{608F5B3D-83FE-46B1-B1EE-4D0A58D4B51A}.Debug|Any CPU.Build.0 = Debug|Any CPU
		{608F5B3D-83FE-46B1-B1EE-4D0A58D4B51A}.Debug|x64.ActiveCfg = Debug|x64
		{608F5B3D-83FE-46B1-B1EE-4D0A58D4B51A}.Debug|x64.Build.0 = Debug|x64
		{608F5B3D-83FE-46B1-B1EE-4D0A58D4B51A}.Debug|x86.ActiveCfg = Debug|Any CPU
		{608F5B3D-83FE-46B1-B1EE-4D0A58D4B51A}.Debug|x86.Build.0 = Debug|Any CPU
		{608F5B3D-83FE-46B1-B1EE-4D0A58D4B51A}.Docker|Any CPU.ActiveCfg = Debug|Any CPU
		{608F5B3D-83FE-46B1-B1EE-4D0A58D4B51A}.Docker|Any CPU.Build.0 = Debug|Any CPU
		{608F5B3D-83FE-46B1-B1EE-4D0A58D4B51A}.Docker|x64.ActiveCfg = Debug|x64
		{608F5B3D-83FE-46B1-B1EE-4D0A58D4B51A}.Docker|x64.Build.0 = Debug|x64
		{608F5B3D-83FE-46B1-B1EE-4D0A58D4B51A}.Docker|x86.ActiveCfg = Debug|Any CPU
		{608F5B3D-83FE-46B1-B1EE-4D0A58D4B51A}.Docker|x86.Build.0 = Debug|Any CPU
		{608F5B3D-83FE-46B1-B1EE-4D0A58D4B51A}.gcmodeller_desktop|Any CPU.ActiveCfg = gcmodeller_desktop|Any CPU
		{608F5B3D-83FE-46B1-B1EE-4D0A58D4B51A}.gcmodeller_desktop|Any CPU.Build.0 = gcmodeller_desktop|Any CPU
		{608F5B3D-83FE-46B1-B1EE-4D0A58D4B51A}.gcmodeller_desktop|x64.ActiveCfg = gcmodeller_desktop|x64
		{608F5B3D-83FE-46B1-B1EE-4D0A58D4B51A}.gcmodeller_desktop|x64.Build.0 = gcmodeller_desktop|x64
		{608F5B3D-83FE-46B1-B1EE-4D0A58D4B51A}.gcmodeller_desktop|x86.ActiveCfg = gcmodeller_desktop|Any CPU
		{608F5B3D-83FE-46B1-B1EE-4D0A58D4B51A}.gcmodeller_desktop|x86.Build.0 = gcmodeller_desktop|Any CPU
		{608F5B3D-83FE-46B1-B1EE-4D0A58D4B51A}.LipidSearch|Any CPU.ActiveCfg = LipidSearch|Any CPU
		{608F5B3D-83FE-46B1-B1EE-4D0A58D4B51A}.LipidSearch|Any CPU.Build.0 = LipidSearch|Any CPU
		{608F5B3D-83FE-46B1-B1EE-4D0A58D4B51A}.LipidSearch|x64.ActiveCfg = LipidSearch|x64
		{608F5B3D-83FE-46B1-B1EE-4D0A58D4B51A}.LipidSearch|x64.Build.0 = LipidSearch|x64
		{608F5B3D-83FE-46B1-B1EE-4D0A58D4B51A}.LipidSearch|x86.ActiveCfg = LipidSearch|Any CPU
		{608F5B3D-83FE-46B1-B1EE-4D0A58D4B51A}.LipidSearch|x86.Build.0 = LipidSearch|Any CPU
		{608F5B3D-83FE-46B1-B1EE-4D0A58D4B51A}.mzkit_win32|Any CPU.ActiveCfg = mzkit_win32|Any CPU
		{608F5B3D-83FE-46B1-B1EE-4D0A58D4B51A}.mzkit_win32|Any CPU.Build.0 = mzkit_win32|Any CPU
		{608F5B3D-83FE-46B1-B1EE-4D0A58D4B51A}.mzkit_win32|x64.ActiveCfg = mzkit_win32|x64
		{608F5B3D-83FE-46B1-B1EE-4D0A58D4B51A}.mzkit_win32|x64.Build.0 = mzkit_win32|x64
		{608F5B3D-83FE-46B1-B1EE-4D0A58D4B51A}.mzkit_win32|x86.ActiveCfg = mzkit_win32|Any CPU
		{608F5B3D-83FE-46B1-B1EE-4D0A58D4B51A}.mzkit_win32|x86.Build.0 = mzkit_win32|Any CPU
		{608F5B3D-83FE-46B1-B1EE-4D0A58D4B51A}.mzkit|Any CPU.ActiveCfg = mzkit|Any CPU
		{608F5B3D-83FE-46B1-B1EE-4D0A58D4B51A}.mzkit|Any CPU.Build.0 = mzkit|Any CPU
		{608F5B3D-83FE-46B1-B1EE-4D0A58D4B51A}.mzkit|x64.ActiveCfg = mzkit|x64
		{608F5B3D-83FE-46B1-B1EE-4D0A58D4B51A}.mzkit|x64.Build.0 = mzkit|x64
		{608F5B3D-83FE-46B1-B1EE-4D0A58D4B51A}.mzkit|x86.ActiveCfg = mzkit|Any CPU
		{608F5B3D-83FE-46B1-B1EE-4D0A58D4B51A}.mzkit|x86.Build.0 = mzkit|Any CPU
		{608F5B3D-83FE-46B1-B1EE-4D0A58D4B51A}.NPSearch|Any CPU.ActiveCfg = NPSearch|Any CPU
		{608F5B3D-83FE-46B1-B1EE-4D0A58D4B51A}.NPSearch|Any CPU.Build.0 = NPSearch|Any CPU
		{608F5B3D-83FE-46B1-B1EE-4D0A58D4B51A}.NPSearch|x64.ActiveCfg = NPSearch|x64
		{608F5B3D-83FE-46B1-B1EE-4D0A58D4B51A}.NPSearch|x64.Build.0 = NPSearch|x64
		{608F5B3D-83FE-46B1-B1EE-4D0A58D4B51A}.NPSearch|x86.ActiveCfg = NPSearch|Any CPU
		{608F5B3D-83FE-46B1-B1EE-4D0A58D4B51A}.NPSearch|x86.Build.0 = NPSearch|Any CPU
		{608F5B3D-83FE-46B1-B1EE-4D0A58D4B51A}.PlantMAT|Any CPU.ActiveCfg = Debug|Any CPU
		{608F5B3D-83FE-46B1-B1EE-4D0A58D4B51A}.PlantMAT|Any CPU.Build.0 = Debug|Any CPU
		{608F5B3D-83FE-46B1-B1EE-4D0A58D4B51A}.PlantMAT|x64.ActiveCfg = Debug|x64
		{608F5B3D-83FE-46B1-B1EE-4D0A58D4B51A}.PlantMAT|x64.Build.0 = Debug|x64
		{608F5B3D-83FE-46B1-B1EE-4D0A58D4B51A}.PlantMAT|x86.ActiveCfg = Debug|Any CPU
		{608F5B3D-83FE-46B1-B1EE-4D0A58D4B51A}.PlantMAT|x86.Build.0 = Debug|Any CPU
		{608F5B3D-83FE-46B1-B1EE-4D0A58D4B51A}.Release|Any CPU.ActiveCfg = Release|Any CPU
		{608F5B3D-83FE-46B1-B1EE-4D0A58D4B51A}.Release|Any CPU.Build.0 = Release|Any CPU
		{608F5B3D-83FE-46B1-B1EE-4D0A58D4B51A}.Release|x64.ActiveCfg = Release|x64
		{608F5B3D-83FE-46B1-B1EE-4D0A58D4B51A}.Release|x64.Build.0 = Release|x64
		{608F5B3D-83FE-46B1-B1EE-4D0A58D4B51A}.Release|x86.ActiveCfg = Release|Any CPU
		{608F5B3D-83FE-46B1-B1EE-4D0A58D4B51A}.Release|x86.Build.0 = Release|Any CPU
		{608F5B3D-83FE-46B1-B1EE-4D0A58D4B51A}.Rsharp_app_release|Any CPU.ActiveCfg = Rsharp_app_release|Any CPU
		{608F5B3D-83FE-46B1-B1EE-4D0A58D4B51A}.Rsharp_app_release|Any CPU.Build.0 = Rsharp_app_release|Any CPU
		{608F5B3D-83FE-46B1-B1EE-4D0A58D4B51A}.Rsharp_app_release|x64.ActiveCfg = Rsharp_app_release|x64
		{608F5B3D-83FE-46B1-B1EE-4D0A58D4B51A}.Rsharp_app_release|x64.Build.0 = Rsharp_app_release|x64
		{608F5B3D-83FE-46B1-B1EE-4D0A58D4B51A}.Rsharp_app_release|x86.ActiveCfg = Rsharp_app_release|Any CPU
		{608F5B3D-83FE-46B1-B1EE-4D0A58D4B51A}.Rsharp_app_release|x86.Build.0 = Rsharp_app_release|Any CPU
		{F8DE9356-DB81-4E69-9E34-8E73F79FA2FA}.Debug|Any CPU.ActiveCfg = Debug|Any CPU
		{F8DE9356-DB81-4E69-9E34-8E73F79FA2FA}.Debug|Any CPU.Build.0 = Debug|Any CPU
		{F8DE9356-DB81-4E69-9E34-8E73F79FA2FA}.Debug|x64.ActiveCfg = Debug|x64
		{F8DE9356-DB81-4E69-9E34-8E73F79FA2FA}.Debug|x64.Build.0 = Debug|x64
		{F8DE9356-DB81-4E69-9E34-8E73F79FA2FA}.Debug|x86.ActiveCfg = Debug|Any CPU
		{F8DE9356-DB81-4E69-9E34-8E73F79FA2FA}.Debug|x86.Build.0 = Debug|Any CPU
		{F8DE9356-DB81-4E69-9E34-8E73F79FA2FA}.Docker|Any CPU.ActiveCfg = Debug|Any CPU
		{F8DE9356-DB81-4E69-9E34-8E73F79FA2FA}.Docker|Any CPU.Build.0 = Debug|Any CPU
		{F8DE9356-DB81-4E69-9E34-8E73F79FA2FA}.Docker|x64.ActiveCfg = Debug|x64
		{F8DE9356-DB81-4E69-9E34-8E73F79FA2FA}.Docker|x64.Build.0 = Debug|x64
		{F8DE9356-DB81-4E69-9E34-8E73F79FA2FA}.Docker|x86.ActiveCfg = Debug|Any CPU
		{F8DE9356-DB81-4E69-9E34-8E73F79FA2FA}.Docker|x86.Build.0 = Debug|Any CPU
		{F8DE9356-DB81-4E69-9E34-8E73F79FA2FA}.gcmodeller_desktop|Any CPU.ActiveCfg = gcmodeller_desktop|Any CPU
		{F8DE9356-DB81-4E69-9E34-8E73F79FA2FA}.gcmodeller_desktop|Any CPU.Build.0 = gcmodeller_desktop|Any CPU
		{F8DE9356-DB81-4E69-9E34-8E73F79FA2FA}.gcmodeller_desktop|x64.ActiveCfg = gcmodeller_desktop|x64
		{F8DE9356-DB81-4E69-9E34-8E73F79FA2FA}.gcmodeller_desktop|x64.Build.0 = gcmodeller_desktop|x64
		{F8DE9356-DB81-4E69-9E34-8E73F79FA2FA}.gcmodeller_desktop|x86.ActiveCfg = gcmodeller_desktop|Any CPU
		{F8DE9356-DB81-4E69-9E34-8E73F79FA2FA}.gcmodeller_desktop|x86.Build.0 = gcmodeller_desktop|Any CPU
		{F8DE9356-DB81-4E69-9E34-8E73F79FA2FA}.LipidSearch|Any CPU.ActiveCfg = LipidSearch|Any CPU
		{F8DE9356-DB81-4E69-9E34-8E73F79FA2FA}.LipidSearch|Any CPU.Build.0 = LipidSearch|Any CPU
		{F8DE9356-DB81-4E69-9E34-8E73F79FA2FA}.LipidSearch|x64.ActiveCfg = LipidSearch|x64
		{F8DE9356-DB81-4E69-9E34-8E73F79FA2FA}.LipidSearch|x64.Build.0 = LipidSearch|x64
		{F8DE9356-DB81-4E69-9E34-8E73F79FA2FA}.LipidSearch|x86.ActiveCfg = LipidSearch|Any CPU
		{F8DE9356-DB81-4E69-9E34-8E73F79FA2FA}.LipidSearch|x86.Build.0 = LipidSearch|Any CPU
		{F8DE9356-DB81-4E69-9E34-8E73F79FA2FA}.mzkit_win32|Any CPU.ActiveCfg = mzkit|Any CPU
		{F8DE9356-DB81-4E69-9E34-8E73F79FA2FA}.mzkit_win32|Any CPU.Build.0 = mzkit|Any CPU
		{F8DE9356-DB81-4E69-9E34-8E73F79FA2FA}.mzkit_win32|x64.ActiveCfg = mzkit|x64
		{F8DE9356-DB81-4E69-9E34-8E73F79FA2FA}.mzkit_win32|x64.Build.0 = mzkit|x64
		{F8DE9356-DB81-4E69-9E34-8E73F79FA2FA}.mzkit_win32|x86.ActiveCfg = mzkit|Any CPU
		{F8DE9356-DB81-4E69-9E34-8E73F79FA2FA}.mzkit_win32|x86.Build.0 = mzkit|Any CPU
		{F8DE9356-DB81-4E69-9E34-8E73F79FA2FA}.mzkit|Any CPU.ActiveCfg = mzkit|Any CPU
		{F8DE9356-DB81-4E69-9E34-8E73F79FA2FA}.mzkit|Any CPU.Build.0 = mzkit|Any CPU
		{F8DE9356-DB81-4E69-9E34-8E73F79FA2FA}.mzkit|x64.ActiveCfg = mzkit|x64
		{F8DE9356-DB81-4E69-9E34-8E73F79FA2FA}.mzkit|x64.Build.0 = mzkit|x64
		{F8DE9356-DB81-4E69-9E34-8E73F79FA2FA}.mzkit|x86.ActiveCfg = mzkit|Any CPU
		{F8DE9356-DB81-4E69-9E34-8E73F79FA2FA}.mzkit|x86.Build.0 = mzkit|Any CPU
		{F8DE9356-DB81-4E69-9E34-8E73F79FA2FA}.NPSearch|Any CPU.ActiveCfg = NPSearch|Any CPU
		{F8DE9356-DB81-4E69-9E34-8E73F79FA2FA}.NPSearch|Any CPU.Build.0 = NPSearch|Any CPU
		{F8DE9356-DB81-4E69-9E34-8E73F79FA2FA}.NPSearch|x64.ActiveCfg = NPSearch|x64
		{F8DE9356-DB81-4E69-9E34-8E73F79FA2FA}.NPSearch|x64.Build.0 = NPSearch|x64
		{F8DE9356-DB81-4E69-9E34-8E73F79FA2FA}.NPSearch|x86.ActiveCfg = NPSearch|Any CPU
		{F8DE9356-DB81-4E69-9E34-8E73F79FA2FA}.NPSearch|x86.Build.0 = NPSearch|Any CPU
		{F8DE9356-DB81-4E69-9E34-8E73F79FA2FA}.PlantMAT|Any CPU.ActiveCfg = PlantMAT|Any CPU
		{F8DE9356-DB81-4E69-9E34-8E73F79FA2FA}.PlantMAT|Any CPU.Build.0 = PlantMAT|Any CPU
		{F8DE9356-DB81-4E69-9E34-8E73F79FA2FA}.PlantMAT|x64.ActiveCfg = PlantMAT|x64
		{F8DE9356-DB81-4E69-9E34-8E73F79FA2FA}.PlantMAT|x64.Build.0 = PlantMAT|x64
		{F8DE9356-DB81-4E69-9E34-8E73F79FA2FA}.PlantMAT|x86.ActiveCfg = PlantMAT|Any CPU
		{F8DE9356-DB81-4E69-9E34-8E73F79FA2FA}.PlantMAT|x86.Build.0 = PlantMAT|Any CPU
		{F8DE9356-DB81-4E69-9E34-8E73F79FA2FA}.Release|Any CPU.ActiveCfg = Release|Any CPU
		{F8DE9356-DB81-4E69-9E34-8E73F79FA2FA}.Release|Any CPU.Build.0 = Release|Any CPU
		{F8DE9356-DB81-4E69-9E34-8E73F79FA2FA}.Release|x64.ActiveCfg = Release|x64
		{F8DE9356-DB81-4E69-9E34-8E73F79FA2FA}.Release|x64.Build.0 = Release|x64
		{F8DE9356-DB81-4E69-9E34-8E73F79FA2FA}.Release|x86.ActiveCfg = Release|Any CPU
		{F8DE9356-DB81-4E69-9E34-8E73F79FA2FA}.Release|x86.Build.0 = Release|Any CPU
		{F8DE9356-DB81-4E69-9E34-8E73F79FA2FA}.Rsharp_app_release|Any CPU.ActiveCfg = Rsharp_app_release|Any CPU
		{F8DE9356-DB81-4E69-9E34-8E73F79FA2FA}.Rsharp_app_release|Any CPU.Build.0 = Rsharp_app_release|Any CPU
		{F8DE9356-DB81-4E69-9E34-8E73F79FA2FA}.Rsharp_app_release|x64.ActiveCfg = Rsharp_app_release|x64
		{F8DE9356-DB81-4E69-9E34-8E73F79FA2FA}.Rsharp_app_release|x64.Build.0 = Rsharp_app_release|x64
		{F8DE9356-DB81-4E69-9E34-8E73F79FA2FA}.Rsharp_app_release|x86.ActiveCfg = Rsharp_app_release|Any CPU
		{F8DE9356-DB81-4E69-9E34-8E73F79FA2FA}.Rsharp_app_release|x86.Build.0 = Rsharp_app_release|Any CPU
	EndGlobalSection
	GlobalSection(SolutionProperties) = preSolution
		HideSolutionNode = FALSE
	EndGlobalSection
	GlobalSection(NestedProjects) = preSolution
		{C6E65BD3-0C16-46F6-B2EC-86B2D0BFB8CA} = {A1CBAE62-8C60-4DF5-BC1A-29C61FB4A70F}
		{CCA475EC-5225-4C87-860B-CF160FB7644B} = {A1CBAE62-8C60-4DF5-BC1A-29C61FB4A70F}
		{F947E144-7B33-424E-90B1-17A1BD638C15} = {8775950F-8B2B-4DFB-A5A4-54484182CED8}
		{075ED280-EE31-4CB2-B0CB-B4126614F214} = {8775950F-8B2B-4DFB-A5A4-54484182CED8}
		{06429979-D5C3-4186-85BB-B37E5DDF00E1} = {CAED4E47-8EC2-44CE-AF17-41DB0C7D31E8}
		{E771C136-286D-4A5A-A32B-05E98C5826B0} = {A1CBAE62-8C60-4DF5-BC1A-29C61FB4A70F}
		{D8FAE6DF-94AF-4206-A411-0FB5CEFFFB88} = {E771C136-286D-4A5A-A32B-05E98C5826B0}
		{F90B3919-1395-4FEC-833C-1785168CDC24} = {E771C136-286D-4A5A-A32B-05E98C5826B0}
		{532CC93E-DE1B-447F-AD76-47D85A5C814F} = {E771C136-286D-4A5A-A32B-05E98C5826B0}
		{608F5B3D-83FE-46B1-B1EE-4D0A58D4B51A} = {E771C136-286D-4A5A-A32B-05E98C5826B0}
		{F8DE9356-DB81-4E69-9E34-8E73F79FA2FA} = {A1CBAE62-8C60-4DF5-BC1A-29C61FB4A70F}
	EndGlobalSection
	GlobalSection(ExtensibilityGlobals) = postSolution
		SolutionGuid = {177AFA0C-CF5F-4011-9256-C8347C5F677E}
	EndGlobalSection
	GlobalSection(SharedMSBuildProjectFiles) = preSolution
		..\..\GCModeller\src\R-sharp\studio\Rstudio.common\Rstudio.common.projitems*{075ed280-ee31-4cb2-b0cb-b4126614f214}*SharedItemsImports = 5
	EndGlobalSection
EndGlobal
