
Microsoft Visual Studio Solution File, Format Version 12.00
# Visual Studio Version 17
VisualStudioVersion = 17.6.33829.357
MinimumVisualStudioVersion = 10.0.40219.1
Project("{778DAE3C-4631-46EA-AA77-85C1314464D9}") = "SMVFile", "SMVFile\SMVFile.vbproj", "{929AC408-CFCF-42C8-BBA4-E5227F3DB826}"
EndProject
Project("{2150E333-8FDC-42A3-9474-1A3956D46DE8}") = "framework", "framework", "{A1CBAE62-8C60-4DF5-BC1A-29C61FB4A70F}"
EndProject
Project("{778DAE3C-4631-46EA-AA77-85C1314464D9}") = "Core", "..\..\GCModeller\src\runtime\sciBASIC#\Microsoft.VisualBasic.Core\src\Core.vbproj", "{C6E65BD3-0C16-46F6-B2EC-86B2D0BFB8CA}"
EndProject
Project("{778DAE3C-4631-46EA-AA77-85C1314464D9}") = "binarydata-netcore5", "..\..\GCModeller\src\runtime\sciBASIC#\Data\BinaryData\BinaryData\binarydata-netcore5.vbproj", "{CCA475EC-5225-4C87-860B-CF160FB7644B}"
EndProject
Project("{2150E333-8FDC-42A3-9474-1A3956D46DE8}") = "renv", "renv", "{8775950F-8B2B-4DFB-A5A4-54484182CED8}"
EndProject
Project("{778DAE3C-4631-46EA-AA77-85C1314464D9}") = "Rsharp-netcore5", "..\..\GCModeller\src\R-sharp\R#\Rsharp-netcore5.vbproj", "{F947E144-7B33-424E-90B1-17A1BD638C15}"
EndProject
Project("{778DAE3C-4631-46EA-AA77-85C1314464D9}") = "R-cmd.NET5", "..\..\GCModeller\src\R-sharp\studio\R-terminal\R-cmd.NET5.vbproj", "{075ED280-EE31-4CB2-B0CB-B4126614F214}"
EndProject
Global
	GlobalSection(SolutionConfigurationPlatforms) = preSolution
		Debug|Any CPU = Debug|Any CPU
		Debug|x64 = Debug|x64
		Debug|x86 = Debug|x86
		Docker|Any CPU = Docker|Any CPU
		Docker|x64 = Docker|x64
		Docker|x86 = Docker|x86
		gcmodeller_desktop|Any CPU = gcmodeller_desktop|Any CPU
		gcmodeller_desktop|x64 = gcmodeller_desktop|x64
		gcmodeller_desktop|x86 = gcmodeller_desktop|x86
		LipidSearch|Any CPU = LipidSearch|Any CPU
		LipidSearch|x64 = LipidSearch|x64
		LipidSearch|x86 = LipidSearch|x86
		mzkit_win32|Any CPU = mzkit_win32|Any CPU
		mzkit_win32|x64 = mzkit_win32|x64
		mzkit_win32|x86 = mzkit_win32|x86
		mzkit|Any CPU = mzkit|Any CPU
		mzkit|x64 = mzkit|x64
		mzkit|x86 = mzkit|x86
		NPSearch|Any CPU = NPSearch|Any CPU
		NPSearch|x64 = NPSearch|x64
		NPSearch|x86 = NPSearch|x86
		PlantMAT|Any CPU = PlantMAT|Any CPU
		PlantMAT|x64 = PlantMAT|x64
		PlantMAT|x86 = PlantMAT|x86
		Release|Any CPU = Release|Any CPU
		Release|x64 = Release|x64
		Release|x86 = Release|x86
		Rsharp_app_release|Any CPU = Rsharp_app_release|Any CPU
		Rsharp_app_release|x64 = Rsharp_app_release|x64
		Rsharp_app_release|x86 = Rsharp_app_release|x86
	EndGlobalSection
	GlobalSection(ProjectConfigurationPlatforms) = postSolution
		{929AC408-CFCF-42C8-BBA4-E5227F3DB826}.Debug|Any CPU.ActiveCfg = Debug|Any CPU
		{929AC408-CFCF-42C8-BBA4-E5227F3DB826}.Debug|Any CPU.Build.0 = Debug|Any CPU
		{929AC408-CFCF-42C8-BBA4-E5227F3DB826}.Debug|x64.ActiveCfg = Debug|x64
		{929AC408-CFCF-42C8-BBA4-E5227F3DB826}.Debug|x64.Build.0 = Debug|x64
		{929AC408-CFCF-42C8-BBA4-E5227F3DB826}.Debug|x86.ActiveCfg = Debug|Any CPU
		{929AC408-CFCF-42C8-BBA4-E5227F3DB826}.Debug|x86.Build.0 = Debug|Any CPU
		{929AC408-CFCF-42C8-BBA4-E5227F3DB826}.Docker|Any CPU.ActiveCfg = Debug|Any CPU
		{929AC408-CFCF-42C8-BBA4-E5227F3DB826}.Docker|Any CPU.Build.0 = Debug|Any CPU
		{929AC408-CFCF-42C8-BBA4-E5227F3DB826}.Docker|x64.ActiveCfg = Debug|Any CPU
		{929AC408-CFCF-42C8-BBA4-E5227F3DB826}.Docker|x64.Build.0 = Debug|Any CPU
		{929AC408-CFCF-42C8-BBA4-E5227F3DB826}.Docker|x86.ActiveCfg = Debug|Any CPU
		{929AC408-CFCF-42C8-BBA4-E5227F3DB826}.Docker|x86.Build.0 = Debug|Any CPU
		{929AC408-CFCF-42C8-BBA4-E5227F3DB826}.gcmodeller_desktop|Any CPU.ActiveCfg = Debug|Any CPU
		{929AC408-CFCF-42C8-BBA4-E5227F3DB826}.gcmodeller_desktop|Any CPU.Build.0 = Debug|Any CPU
		{929AC408-CFCF-42C8-BBA4-E5227F3DB826}.gcmodeller_desktop|x64.ActiveCfg = Debug|Any CPU
		{929AC408-CFCF-42C8-BBA4-E5227F3DB826}.gcmodeller_desktop|x64.Build.0 = Debug|Any CPU
		{929AC408-CFCF-42C8-BBA4-E5227F3DB826}.gcmodeller_desktop|x86.ActiveCfg = Debug|Any CPU
		{929AC408-CFCF-42C8-BBA4-E5227F3DB826}.gcmodeller_desktop|x86.Build.0 = Debug|Any CPU
		{929AC408-CFCF-42C8-BBA4-E5227F3DB826}.LipidSearch|Any CPU.ActiveCfg = Debug|Any CPU
		{929AC408-CFCF-42C8-BBA4-E5227F3DB826}.LipidSearch|Any CPU.Build.0 = Debug|Any CPU
		{929AC408-CFCF-42C8-BBA4-E5227F3DB826}.LipidSearch|x64.ActiveCfg = Debug|Any CPU
		{929AC408-CFCF-42C8-BBA4-E5227F3DB826}.LipidSearch|x64.Build.0 = Debug|Any CPU
		{929AC408-CFCF-42C8-BBA4-E5227F3DB826}.LipidSearch|x86.ActiveCfg = Debug|Any CPU
		{929AC408-CFCF-42C8-BBA4-E5227F3DB826}.LipidSearch|x86.Build.0 = Debug|Any CPU
		{929AC408-CFCF-42C8-BBA4-E5227F3DB826}.mzkit_win32|Any CPU.ActiveCfg = Debug|Any CPU
		{929AC408-CFCF-42C8-BBA4-E5227F3DB826}.mzkit_win32|Any CPU.Build.0 = Debug|Any CPU
		{929AC408-CFCF-42C8-BBA4-E5227F3DB826}.mzkit_win32|x64.ActiveCfg = Debug|Any CPU
		{929AC408-CFCF-42C8-BBA4-E5227F3DB826}.mzkit_win32|x64.Build.0 = Debug|Any CPU
		{929AC408-CFCF-42C8-BBA4-E5227F3DB826}.mzkit_win32|x86.ActiveCfg = Debug|Any CPU
		{929AC408-CFCF-42C8-BBA4-E5227F3DB826}.mzkit_win32|x86.Build.0 = Debug|Any CPU
		{929AC408-CFCF-42C8-BBA4-E5227F3DB826}.mzkit|Any CPU.ActiveCfg = Debug|Any CPU
		{929AC408-CFCF-42C8-BBA4-E5227F3DB826}.mzkit|Any CPU.Build.0 = Debug|Any CPU
		{929AC408-CFCF-42C8-BBA4-E5227F3DB826}.mzkit|x64.ActiveCfg = Debug|Any CPU
		{929AC408-CFCF-42C8-BBA4-E5227F3DB826}.mzkit|x64.Build.0 = Debug|Any CPU
		{929AC408-CFCF-42C8-BBA4-E5227F3DB826}.mzkit|x86.ActiveCfg = Debug|Any CPU
		{929AC408-CFCF-42C8-BBA4-E5227F3DB826}.mzkit|x86.Build.0 = Debug|Any CPU
		{929AC408-CFCF-42C8-BBA4-E5227F3DB826}.NPSearch|Any CPU.ActiveCfg = Debug|Any CPU
		{929AC408-CFCF-42C8-BBA4-E5227F3DB826}.NPSearch|Any CPU.Build.0 = Debug|Any CPU
		{929AC408-CFCF-42C8-BBA4-E5227F3DB826}.NPSearch|x64.ActiveCfg = Debug|Any CPU
		{929AC408-CFCF-42C8-BBA4-E5227F3DB826}.NPSearch|x64.Build.0 = Debug|Any CPU
		{929AC408-CFCF-42C8-BBA4-E5227F3DB826}.NPSearch|x86.ActiveCfg = Debug|Any CPU
		{929AC408-CFCF-42C8-BBA4-E5227F3DB826}.NPSearch|x86.Build.0 = Debug|Any CPU
		{929AC408-CFCF-42C8-BBA4-E5227F3DB826}.PlantMAT|Any CPU.ActiveCfg = Debug|Any CPU
		{929AC408-CFCF-42C8-BBA4-E5227F3DB826}.PlantMAT|Any CPU.Build.0 = Debug|Any CPU
		{929AC408-CFCF-42C8-BBA4-E5227F3DB826}.PlantMAT|x64.ActiveCfg = Debug|Any CPU
		{929AC408-CFCF-42C8-BBA4-E5227F3DB826}.PlantMAT|x64.Build.0 = Debug|Any CPU
		{929AC408-CFCF-42C8-BBA4-E5227F3DB826}.PlantMAT|x86.ActiveCfg = Debug|Any CPU
		{929AC408-CFCF-42C8-BBA4-E5227F3DB826}.PlantMAT|x86.Build.0 = Debug|Any CPU
		{929AC408-CFCF-42C8-BBA4-E5227F3DB826}.Release|Any CPU.ActiveCfg = Release|Any CPU
		{929AC408-CFCF-42C8-BBA4-E5227F3DB826}.Release|Any CPU.Build.0 = Release|Any CPU
		{929AC408-CFCF-42C8-BBA4-E5227F3DB826}.Release|x64.ActiveCfg = Release|Any CPU
		{929AC408-CFCF-42C8-BBA4-E5227F3DB826}.Release|x64.Build.0 = Release|Any CPU
		{929AC408-CFCF-42C8-BBA4-E5227F3DB826}.Release|x86.ActiveCfg = Release|Any CPU
		{929AC408-CFCF-42C8-BBA4-E5227F3DB826}.Release|x86.Build.0 = Release|Any CPU
		{929AC408-CFCF-42C8-BBA4-E5227F3DB826}.Rsharp_app_release|Any CPU.ActiveCfg = Release|Any CPU
		{929AC408-CFCF-42C8-BBA4-E5227F3DB826}.Rsharp_app_release|Any CPU.Build.0 = Release|Any CPU
		{929AC408-CFCF-42C8-BBA4-E5227F3DB826}.Rsharp_app_release|x64.ActiveCfg = Rsharp_app_release|x64
		{929AC408-CFCF-42C8-BBA4-E5227F3DB826}.Rsharp_app_release|x64.Build.0 = Rsharp_app_release|x64
		{929AC408-CFCF-42C8-BBA4-E5227F3DB826}.Rsharp_app_release|x86.ActiveCfg = Release|Any CPU
		{929AC408-CFCF-42C8-BBA4-E5227F3DB826}.Rsharp_app_release|x86.Build.0 = Release|Any CPU
		{C6E65BD3-0C16-46F6-B2EC-86B2D0BFB8CA}.Debug|Any CPU.ActiveCfg = Debug|Any CPU
		{C6E65BD3-0C16-46F6-B2EC-86B2D0BFB8CA}.Debug|Any CPU.Build.0 = Debug|Any CPU
		{C6E65BD3-0C16-46F6-B2EC-86B2D0BFB8CA}.Debug|x64.ActiveCfg = Debug|x64
		{C6E65BD3-0C16-46F6-B2EC-86B2D0BFB8CA}.Debug|x64.Build.0 = Debug|x64
		{C6E65BD3-0C16-46F6-B2EC-86B2D0BFB8CA}.Debug|x86.ActiveCfg = Debug|x86
		{C6E65BD3-0C16-46F6-B2EC-86B2D0BFB8CA}.Debug|x86.Build.0 = Debug|x86
		{C6E65BD3-0C16-46F6-B2EC-86B2D0BFB8CA}.Docker|Any CPU.ActiveCfg = Docker|Any CPU
		{C6E65BD3-0C16-46F6-B2EC-86B2D0BFB8CA}.Docker|Any CPU.Build.0 = Docker|Any CPU
		{C6E65BD3-0C16-46F6-B2EC-86B2D0BFB8CA}.Docker|x64.ActiveCfg = Docker|x64
		{C6E65BD3-0C16-46F6-B2EC-86B2D0BFB8CA}.Docker|x64.Build.0 = Docker|x64
		{C6E65BD3-0C16-46F6-B2EC-86B2D0BFB8CA}.Docker|x86.ActiveCfg = Docker|x86
		{C6E65BD3-0C16-46F6-B2EC-86B2D0BFB8CA}.Docker|x86.Build.0 = Docker|x86
		{C6E65BD3-0C16-46F6-B2EC-86B2D0BFB8CA}.gcmodeller_desktop|Any CPU.ActiveCfg = gcmodeller_desktop|Any CPU
		{C6E65BD3-0C16-46F6-B2EC-86B2D0BFB8CA}.gcmodeller_desktop|Any CPU.Build.0 = gcmodeller_desktop|Any CPU
		{C6E65BD3-0C16-46F6-B2EC-86B2D0BFB8CA}.gcmodeller_desktop|x64.ActiveCfg = gcmodeller_desktop|x64
		{C6E65BD3-0C16-46F6-B2EC-86B2D0BFB8CA}.gcmodeller_desktop|x64.Build.0 = gcmodeller_desktop|x64
		{C6E65BD3-0C16-46F6-B2EC-86B2D0BFB8CA}.gcmodeller_desktop|x86.ActiveCfg = gcmodeller_desktop|x86
		{C6E65BD3-0C16-46F6-B2EC-86B2D0BFB8CA}.gcmodeller_desktop|x86.Build.0 = gcmodeller_desktop|x86
		{C6E65BD3-0C16-46F6-B2EC-86B2D0BFB8CA}.LipidSearch|Any CPU.ActiveCfg = LipidSearch|Any CPU
		{C6E65BD3-0C16-46F6-B2EC-86B2D0BFB8CA}.LipidSearch|Any CPU.Build.0 = LipidSearch|Any CPU
		{C6E65BD3-0C16-46F6-B2EC-86B2D0BFB8CA}.LipidSearch|x64.ActiveCfg = LipidSearch|x64
		{C6E65BD3-0C16-46F6-B2EC-86B2D0BFB8CA}.LipidSearch|x64.Build.0 = LipidSearch|x64
		{C6E65BD3-0C16-46F6-B2EC-86B2D0BFB8CA}.LipidSearch|x86.ActiveCfg = LipidSearch|x86
		{C6E65BD3-0C16-46F6-B2EC-86B2D0BFB8CA}.LipidSearch|x86.Build.0 = LipidSearch|x86
		{C6E65BD3-0C16-46F6-B2EC-86B2D0BFB8CA}.mzkit_win32|Any CPU.ActiveCfg = mzkit_win32|Any CPU
		{C6E65BD3-0C16-46F6-B2EC-86B2D0BFB8CA}.mzkit_win32|Any CPU.Build.0 = mzkit_win32|Any CPU
		{C6E65BD3-0C16-46F6-B2EC-86B2D0BFB8CA}.mzkit_win32|x64.ActiveCfg = mzkit_win32|x64
		{C6E65BD3-0C16-46F6-B2EC-86B2D0BFB8CA}.mzkit_win32|x64.Build.0 = mzkit_win32|x64
		{C6E65BD3-0C16-46F6-B2EC-86B2D0BFB8CA}.mzkit_win32|x86.ActiveCfg = mzkit_win32|x86
		{C6E65BD3-0C16-46F6-B2EC-86B2D0BFB8CA}.mzkit_win32|x86.Build.0 = mzkit_win32|x86
		{C6E65BD3-0C16-46F6-B2EC-86B2D0BFB8CA}.mzkit|Any CPU.ActiveCfg = mzkit|Any CPU
		{C6E65BD3-0C16-46F6-B2EC-86B2D0BFB8CA}.mzkit|Any CPU.Build.0 = mzkit|Any CPU
		{C6E65BD3-0C16-46F6-B2EC-86B2D0BFB8CA}.mzkit|x64.ActiveCfg = mzkit|x64
		{C6E65BD3-0C16-46F6-B2EC-86B2D0BFB8CA}.mzkit|x64.Build.0 = mzkit|x64
		{C6E65BD3-0C16-46F6-B2EC-86B2D0BFB8CA}.mzkit|x86.ActiveCfg = mzkit|x86
		{C6E65BD3-0C16-46F6-B2EC-86B2D0BFB8CA}.mzkit|x86.Build.0 = mzkit|x86
		{C6E65BD3-0C16-46F6-B2EC-86B2D0BFB8CA}.NPSearch|Any CPU.ActiveCfg = NPSearch|Any CPU
		{C6E65BD3-0C16-46F6-B2EC-86B2D0BFB8CA}.NPSearch|Any CPU.Build.0 = NPSearch|Any CPU
		{C6E65BD3-0C16-46F6-B2EC-86B2D0BFB8CA}.NPSearch|x64.ActiveCfg = NPSearch|x64
		{C6E65BD3-0C16-46F6-B2EC-86B2D0BFB8CA}.NPSearch|x64.Build.0 = NPSearch|x64
		{C6E65BD3-0C16-46F6-B2EC-86B2D0BFB8CA}.NPSearch|x86.ActiveCfg = NPSearch|x86
		{C6E65BD3-0C16-46F6-B2EC-86B2D0BFB8CA}.NPSearch|x86.Build.0 = NPSearch|x86
		{C6E65BD3-0C16-46F6-B2EC-86B2D0BFB8CA}.PlantMAT|Any CPU.ActiveCfg = PlantMAT|Any CPU
		{C6E65BD3-0C16-46F6-B2EC-86B2D0BFB8CA}.PlantMAT|Any CPU.Build.0 = PlantMAT|Any CPU
		{C6E65BD3-0C16-46F6-B2EC-86B2D0BFB8CA}.PlantMAT|x64.ActiveCfg = PlantMAT|x64
		{C6E65BD3-0C16-46F6-B2EC-86B2D0BFB8CA}.PlantMAT|x64.Build.0 = PlantMAT|x64
		{C6E65BD3-0C16-46F6-B2EC-86B2D0BFB8CA}.PlantMAT|x86.ActiveCfg = PlantMAT|x86
		{C6E65BD3-0C16-46F6-B2EC-86B2D0BFB8CA}.PlantMAT|x86.Build.0 = PlantMAT|x86
		{C6E65BD3-0C16-46F6-B2EC-86B2D0BFB8CA}.Release|Any CPU.ActiveCfg = Release|Any CPU
		{C6E65BD3-0C16-46F6-B2EC-86B2D0BFB8CA}.Release|Any CPU.Build.0 = Release|Any CPU
		{C6E65BD3-0C16-46F6-B2EC-86B2D0BFB8CA}.Release|x64.ActiveCfg = Release|x64
		{C6E65BD3-0C16-46F6-B2EC-86B2D0BFB8CA}.Release|x64.Build.0 = Release|x64
		{C6E65BD3-0C16-46F6-B2EC-86B2D0BFB8CA}.Release|x86.ActiveCfg = Release|x86
		{C6E65BD3-0C16-46F6-B2EC-86B2D0BFB8CA}.Release|x86.Build.0 = Release|x86
		{C6E65BD3-0C16-46F6-B2EC-86B2D0BFB8CA}.Rsharp_app_release|Any CPU.ActiveCfg = Rsharp_app_release|Any CPU
		{C6E65BD3-0C16-46F6-B2EC-86B2D0BFB8CA}.Rsharp_app_release|Any CPU.Build.0 = Rsharp_app_release|Any CPU
		{C6E65BD3-0C16-46F6-B2EC-86B2D0BFB8CA}.Rsharp_app_release|x64.ActiveCfg = Rsharp_app_release|x64
		{C6E65BD3-0C16-46F6-B2EC-86B2D0BFB8CA}.Rsharp_app_release|x64.Build.0 = Rsharp_app_release|x64
		{C6E65BD3-0C16-46F6-B2EC-86B2D0BFB8CA}.Rsharp_app_release|x86.ActiveCfg = Rsharp_app_release|x86
		{C6E65BD3-0C16-46F6-B2EC-86B2D0BFB8CA}.Rsharp_app_release|x86.Build.0 = Rsharp_app_release|x86
		{CCA475EC-5225-4C87-860B-CF160FB7644B}.Debug|Any CPU.ActiveCfg = Debug|Any CPU
		{CCA475EC-5225-4C87-860B-CF160FB7644B}.Debug|Any CPU.Build.0 = Debug|Any CPU
		{CCA475EC-5225-4C87-860B-CF160FB7644B}.Debug|x64.ActiveCfg = Debug|x64
		{CCA475EC-5225-4C87-860B-CF160FB7644B}.Debug|x64.Build.0 = Debug|x64
		{CCA475EC-5225-4C87-860B-CF160FB7644B}.Debug|x86.ActiveCfg = Debug|Any CPU
		{CCA475EC-5225-4C87-860B-CF160FB7644B}.Debug|x86.Build.0 = Debug|Any CPU
		{CCA475EC-5225-4C87-860B-CF160FB7644B}.Docker|Any CPU.ActiveCfg = Docker|Any CPU
		{CCA475EC-5225-4C87-860B-CF160FB7644B}.Docker|Any CPU.Build.0 = Docker|Any CPU
		{CCA475EC-5225-4C87-860B-CF160FB7644B}.Docker|x64.ActiveCfg = Docker|x64
		{CCA475EC-5225-4C87-860B-CF160FB7644B}.Docker|x64.Build.0 = Docker|x64
		{CCA475EC-5225-4C87-860B-CF160FB7644B}.Docker|x86.ActiveCfg = Docker|Any CPU
		{CCA475EC-5225-4C87-860B-CF160FB7644B}.Docker|x86.Build.0 = Docker|Any CPU
		{CCA475EC-5225-4C87-860B-CF160FB7644B}.gcmodeller_desktop|Any CPU.ActiveCfg = gcmodeller_desktop|Any CPU
		{CCA475EC-5225-4C87-860B-CF160FB7644B}.gcmodeller_desktop|Any CPU.Build.0 = gcmodeller_desktop|Any CPU
		{CCA475EC-5225-4C87-860B-CF160FB7644B}.gcmodeller_desktop|x64.ActiveCfg = gcmodeller_desktop|x64
		{CCA475EC-5225-4C87-860B-CF160FB7644B}.gcmodeller_desktop|x64.Build.0 = gcmodeller_desktop|x64
		{CCA475EC-5225-4C87-860B-CF160FB7644B}.gcmodeller_desktop|x86.ActiveCfg = gcmodeller_desktop|Any CPU
		{CCA475EC-5225-4C87-860B-CF160FB7644B}.gcmodeller_desktop|x86.Build.0 = gcmodeller_desktop|Any CPU
		{CCA475EC-5225-4C87-860B-CF160FB7644B}.LipidSearch|Any CPU.ActiveCfg = LipidSearch|Any CPU
		{CCA475EC-5225-4C87-860B-CF160FB7644B}.LipidSearch|Any CPU.Build.0 = LipidSearch|Any CPU
		{CCA475EC-5225-4C87-860B-CF160FB7644B}.LipidSearch|x64.ActiveCfg = LipidSearch|x64
		{CCA475EC-5225-4C87-860B-CF160FB7644B}.LipidSearch|x64.Build.0 = LipidSearch|x64
		{CCA475EC-5225-4C87-860B-CF160FB7644B}.LipidSearch|x86.ActiveCfg = LipidSearch|Any CPU
		{CCA475EC-5225-4C87-860B-CF160FB7644B}.LipidSearch|x86.Build.0 = LipidSearch|Any CPU
		{CCA475EC-5225-4C87-860B-CF160FB7644B}.mzkit_win32|Any CPU.ActiveCfg = mzkit_win32|Any CPU
		{CCA475EC-5225-4C87-860B-CF160FB7644B}.mzkit_win32|Any CPU.Build.0 = mzkit_win32|Any CPU
		{CCA475EC-5225-4C87-860B-CF160FB7644B}.mzkit_win32|x64.ActiveCfg = mzkit_win32|x64
		{CCA475EC-5225-4C87-860B-CF160FB7644B}.mzkit_win32|x64.Build.0 = mzkit_win32|x64
		{CCA475EC-5225-4C87-860B-CF160FB7644B}.mzkit_win32|x86.ActiveCfg = mzkit_win32|Any CPU
		{CCA475EC-5225-4C87-860B-CF160FB7644B}.mzkit_win32|x86.Build.0 = mzkit_win32|Any CPU
		{CCA475EC-5225-4C87-860B-CF160FB7644B}.mzkit|Any CPU.ActiveCfg = mzkit|Any CPU
		{CCA475EC-5225-4C87-860B-CF160FB7644B}.mzkit|Any CPU.Build.0 = mzkit|Any CPU
		{CCA475EC-5225-4C87-860B-CF160FB7644B}.mzkit|x64.ActiveCfg = mzkit|x64
		{CCA475EC-5225-4C87-860B-CF160FB7644B}.mzkit|x64.Build.0 = mzkit|x64
		{CCA475EC-5225-4C87-860B-CF160FB7644B}.mzkit|x86.ActiveCfg = mzkit|Any CPU
		{CCA475EC-5225-4C87-860B-CF160FB7644B}.mzkit|x86.Build.0 = mzkit|Any CPU
		{CCA475EC-5225-4C87-860B-CF160FB7644B}.NPSearch|Any CPU.ActiveCfg = NPSearch|Any CPU
		{CCA475EC-5225-4C87-860B-CF160FB7644B}.NPSearch|Any CPU.Build.0 = NPSearch|Any CPU
		{CCA475EC-5225-4C87-860B-CF160FB7644B}.NPSearch|x64.ActiveCfg = NPSearch|x64
		{CCA475EC-5225-4C87-860B-CF160FB7644B}.NPSearch|x64.Build.0 = NPSearch|x64
		{CCA475EC-5225-4C87-860B-CF160FB7644B}.NPSearch|x86.ActiveCfg = NPSearch|Any CPU
		{CCA475EC-5225-4C87-860B-CF160FB7644B}.NPSearch|x86.Build.0 = NPSearch|Any CPU
		{CCA475EC-5225-4C87-860B-CF160FB7644B}.PlantMAT|Any CPU.ActiveCfg = PlantMAT|Any CPU
		{CCA475EC-5225-4C87-860B-CF160FB7644B}.PlantMAT|Any CPU.Build.0 = PlantMAT|Any CPU
		{CCA475EC-5225-4C87-860B-CF160FB7644B}.PlantMAT|x64.ActiveCfg = PlantMAT|x64
		{CCA475EC-5225-4C87-860B-CF160FB7644B}.PlantMAT|x64.Build.0 = PlantMAT|x64
		{CCA475EC-5225-4C87-860B-CF160FB7644B}.PlantMAT|x86.ActiveCfg = PlantMAT|Any CPU
		{CCA475EC-5225-4C87-860B-CF160FB7644B}.PlantMAT|x86.Build.0 = PlantMAT|Any CPU
		{CCA475EC-5225-4C87-860B-CF160FB7644B}.Release|Any CPU.ActiveCfg = Release|Any CPU
		{CCA475EC-5225-4C87-860B-CF160FB7644B}.Release|Any CPU.Build.0 = Release|Any CPU
		{CCA475EC-5225-4C87-860B-CF160FB7644B}.Release|x64.ActiveCfg = Release|x64
		{CCA475EC-5225-4C87-860B-CF160FB7644B}.Release|x64.Build.0 = Release|x64
		{CCA475EC-5225-4C87-860B-CF160FB7644B}.Release|x86.ActiveCfg = Release|Any CPU
		{CCA475EC-5225-4C87-860B-CF160FB7644B}.Release|x86.Build.0 = Release|Any CPU
		{CCA475EC-5225-4C87-860B-CF160FB7644B}.Rsharp_app_release|Any CPU.ActiveCfg = Rsharp_app_release|Any CPU
		{CCA475EC-5225-4C87-860B-CF160FB7644B}.Rsharp_app_release|Any CPU.Build.0 = Rsharp_app_release|Any CPU
		{CCA475EC-5225-4C87-860B-CF160FB7644B}.Rsharp_app_release|x64.ActiveCfg = Rsharp_app_release|x64
		{CCA475EC-5225-4C87-860B-CF160FB7644B}.Rsharp_app_release|x64.Build.0 = Rsharp_app_release|x64
		{CCA475EC-5225-4C87-860B-CF160FB7644B}.Rsharp_app_release|x86.ActiveCfg = Rsharp_app_release|Any CPU
		{CCA475EC-5225-4C87-860B-CF160FB7644B}.Rsharp_app_release|x86.Build.0 = Rsharp_app_release|Any CPU
		{F947E144-7B33-424E-90B1-17A1BD638C15}.Debug|Any CPU.ActiveCfg = Debug|Any CPU
		{F947E144-7B33-424E-90B1-17A1BD638C15}.Debug|Any CPU.Build.0 = Debug|Any CPU
		{F947E144-7B33-424E-90B1-17A1BD638C15}.Debug|x64.ActiveCfg = Debug|x64
		{F947E144-7B33-424E-90B1-17A1BD638C15}.Debug|x64.Build.0 = Debug|x64
		{F947E144-7B33-424E-90B1-17A1BD638C15}.Debug|x86.ActiveCfg = Debug|Any CPU
		{F947E144-7B33-424E-90B1-17A1BD638C15}.Debug|x86.Build.0 = Debug|Any CPU
		{F947E144-7B33-424E-90B1-17A1BD638C15}.Docker|Any CPU.ActiveCfg = Debug|Any CPU
		{F947E144-7B33-424E-90B1-17A1BD638C15}.Docker|Any CPU.Build.0 = Debug|Any CPU
		{F947E144-7B33-424E-90B1-17A1BD638C15}.Docker|x64.ActiveCfg = Debug|x64
		{F947E144-7B33-424E-90B1-17A1BD638C15}.Docker|x64.Build.0 = Debug|x64
		{F947E144-7B33-424E-90B1-17A1BD638C15}.Docker|x86.ActiveCfg = Debug|Any CPU
		{F947E144-7B33-424E-90B1-17A1BD638C15}.Docker|x86.Build.0 = Debug|Any CPU
		{F947E144-7B33-424E-90B1-17A1BD638C15}.gcmodeller_desktop|Any CPU.ActiveCfg = gcmodeller_desktop|Any CPU
		{F947E144-7B33-424E-90B1-17A1BD638C15}.gcmodeller_desktop|Any CPU.Build.0 = gcmodeller_desktop|Any CPU
		{F947E144-7B33-424E-90B1-17A1BD638C15}.gcmodeller_desktop|x64.ActiveCfg = gcmodeller_desktop|x64
		{F947E144-7B33-424E-90B1-17A1BD638C15}.gcmodeller_desktop|x64.Build.0 = gcmodeller_desktop|x64
		{F947E144-7B33-424E-90B1-17A1BD638C15}.gcmodeller_desktop|x86.ActiveCfg = gcmodeller_desktop|Any CPU
		{F947E144-7B33-424E-90B1-17A1BD638C15}.gcmodeller_desktop|x86.Build.0 = gcmodeller_desktop|Any CPU
		{F947E144-7B33-424E-90B1-17A1BD638C15}.LipidSearch|Any CPU.ActiveCfg = LipidSearch|Any CPU
		{F947E144-7B33-424E-90B1-17A1BD638C15}.LipidSearch|Any CPU.Build.0 = LipidSearch|Any CPU
		{F947E144-7B33-424E-90B1-17A1BD638C15}.LipidSearch|x64.ActiveCfg = LipidSearch|x64
		{F947E144-7B33-424E-90B1-17A1BD638C15}.LipidSearch|x64.Build.0 = LipidSearch|x64
		{F947E144-7B33-424E-90B1-17A1BD638C15}.LipidSearch|x86.ActiveCfg = LipidSearch|Any CPU
		{F947E144-7B33-424E-90B1-17A1BD638C15}.LipidSearch|x86.Build.0 = LipidSearch|Any CPU
		{F947E144-7B33-424E-90B1-17A1BD638C15}.mzkit_win32|Any CPU.ActiveCfg = mzkit|Any CPU
		{F947E144-7B33-424E-90B1-17A1BD638C15}.mzkit_win32|Any CPU.Build.0 = mzkit|Any CPU
		{F947E144-7B33-424E-90B1-17A1BD638C15}.mzkit_win32|x64.ActiveCfg = mzkit|x64
		{F947E144-7B33-424E-90B1-17A1BD638C15}.mzkit_win32|x64.Build.0 = mzkit|x64
		{F947E144-7B33-424E-90B1-17A1BD638C15}.mzkit_win32|x86.ActiveCfg = mzkit|Any CPU
		{F947E144-7B33-424E-90B1-17A1BD638C15}.mzkit_win32|x86.Build.0 = mzkit|Any CPU
		{F947E144-7B33-424E-90B1-17A1BD638C15}.mzkit|Any CPU.ActiveCfg = mzkit|Any CPU
		{F947E144-7B33-424E-90B1-17A1BD638C15}.mzkit|Any CPU.Build.0 = mzkit|Any CPU
		{F947E144-7B33-424E-90B1-17A1BD638C15}.mzkit|x64.ActiveCfg = mzkit|x64
		{F947E144-7B33-424E-90B1-17A1BD638C15}.mzkit|x64.Build.0 = mzkit|x64
		{F947E144-7B33-424E-90B1-17A1BD638C15}.mzkit|x86.ActiveCfg = mzkit|Any CPU
		{F947E144-7B33-424E-90B1-17A1BD638C15}.mzkit|x86.Build.0 = mzkit|Any CPU
		{F947E144-7B33-424E-90B1-17A1BD638C15}.NPSearch|Any CPU.ActiveCfg = NPSearch|Any CPU
		{F947E144-7B33-424E-90B1-17A1BD638C15}.NPSearch|Any CPU.Build.0 = NPSearch|Any CPU
		{F947E144-7B33-424E-90B1-17A1BD638C15}.NPSearch|x64.ActiveCfg = NPSearch|x64
		{F947E144-7B33-424E-90B1-17A1BD638C15}.NPSearch|x64.Build.0 = NPSearch|x64
		{F947E144-7B33-424E-90B1-17A1BD638C15}.NPSearch|x86.ActiveCfg = NPSearch|Any CPU
		{F947E144-7B33-424E-90B1-17A1BD638C15}.NPSearch|x86.Build.0 = NPSearch|Any CPU
		{F947E144-7B33-424E-90B1-17A1BD638C15}.PlantMAT|Any CPU.ActiveCfg = PlantMAT|Any CPU
		{F947E144-7B33-424E-90B1-17A1BD638C15}.PlantMAT|Any CPU.Build.0 = PlantMAT|Any CPU
		{F947E144-7B33-424E-90B1-17A1BD638C15}.PlantMAT|x64.ActiveCfg = PlantMAT|x64
		{F947E144-7B33-424E-90B1-17A1BD638C15}.PlantMAT|x64.Build.0 = PlantMAT|x64
		{F947E144-7B33-424E-90B1-17A1BD638C15}.PlantMAT|x86.ActiveCfg = PlantMAT|Any CPU
		{F947E144-7B33-424E-90B1-17A1BD638C15}.PlantMAT|x86.Build.0 = PlantMAT|Any CPU
		{F947E144-7B33-424E-90B1-17A1BD638C15}.Release|Any CPU.ActiveCfg = Release|Any CPU
		{F947E144-7B33-424E-90B1-17A1BD638C15}.Release|Any CPU.Build.0 = Release|Any CPU
		{F947E144-7B33-424E-90B1-17A1BD638C15}.Release|x64.ActiveCfg = Release|x64
		{F947E144-7B33-424E-90B1-17A1BD638C15}.Release|x64.Build.0 = Release|x64
		{F947E144-7B33-424E-90B1-17A1BD638C15}.Release|x86.ActiveCfg = Release|Any CPU
		{F947E144-7B33-424E-90B1-17A1BD638C15}.Release|x86.Build.0 = Release|Any CPU
		{F947E144-7B33-424E-90B1-17A1BD638C15}.Rsharp_app_release|Any CPU.ActiveCfg = Rsharp_app_release|Any CPU
		{F947E144-7B33-424E-90B1-17A1BD638C15}.Rsharp_app_release|Any CPU.Build.0 = Rsharp_app_release|Any CPU
		{F947E144-7B33-424E-90B1-17A1BD638C15}.Rsharp_app_release|x64.ActiveCfg = Rsharp_app_release|x64
		{F947E144-7B33-424E-90B1-17A1BD638C15}.Rsharp_app_release|x64.Build.0 = Rsharp_app_release|x64
		{F947E144-7B33-424E-90B1-17A1BD638C15}.Rsharp_app_release|x86.ActiveCfg = Rsharp_app_release|Any CPU
		{F947E144-7B33-424E-90B1-17A1BD638C15}.Rsharp_app_release|x86.Build.0 = Rsharp_app_release|Any CPU
		{075ED280-EE31-4CB2-B0CB-B4126614F214}.Debug|Any CPU.ActiveCfg = Debug|Any CPU
		{075ED280-EE31-4CB2-B0CB-B4126614F214}.Debug|Any CPU.Build.0 = Debug|Any CPU
		{075ED280-EE31-4CB2-B0CB-B4126614F214}.Debug|x64.ActiveCfg = Debug|x64
		{075ED280-EE31-4CB2-B0CB-B4126614F214}.Debug|x64.Build.0 = Debug|x64
		{075ED280-EE31-4CB2-B0CB-B4126614F214}.Debug|x86.ActiveCfg = Debug|Any CPU
		{075ED280-EE31-4CB2-B0CB-B4126614F214}.Debug|x86.Build.0 = Debug|Any CPU
		{075ED280-EE31-4CB2-B0CB-B4126614F214}.Docker|Any CPU.ActiveCfg = Debug|Any CPU
		{075ED280-EE31-4CB2-B0CB-B4126614F214}.Docker|Any CPU.Build.0 = Debug|Any CPU
		{075ED280-EE31-4CB2-B0CB-B4126614F214}.Docker|x64.ActiveCfg = Debug|x64
		{075ED280-EE31-4CB2-B0CB-B4126614F214}.Docker|x64.Build.0 = Debug|x64
		{075ED280-EE31-4CB2-B0CB-B4126614F214}.Docker|x86.ActiveCfg = Debug|Any CPU
		{075ED280-EE31-4CB2-B0CB-B4126614F214}.Docker|x86.Build.0 = Debug|Any CPU
		{075ED280-EE31-4CB2-B0CB-B4126614F214}.gcmodeller_desktop|Any CPU.ActiveCfg = gcmodeller_desktop|Any CPU
		{075ED280-EE31-4CB2-B0CB-B4126614F214}.gcmodeller_desktop|Any CPU.Build.0 = gcmodeller_desktop|Any CPU
		{075ED280-EE31-4CB2-B0CB-B4126614F214}.gcmodeller_desktop|x64.ActiveCfg = gcmodeller_desktop|x64
		{075ED280-EE31-4CB2-B0CB-B4126614F214}.gcmodeller_desktop|x64.Build.0 = gcmodeller_desktop|x64
		{075ED280-EE31-4CB2-B0CB-B4126614F214}.gcmodeller_desktop|x86.ActiveCfg = gcmodeller_desktop|Any CPU
		{075ED280-EE31-4CB2-B0CB-B4126614F214}.gcmodeller_desktop|x86.Build.0 = gcmodeller_desktop|Any CPU
		{075ED280-EE31-4CB2-B0CB-B4126614F214}.LipidSearch|Any CPU.ActiveCfg = Debug|Any CPU
		{075ED280-EE31-4CB2-B0CB-B4126614F214}.LipidSearch|Any CPU.Build.0 = Debug|Any CPU
		{075ED280-EE31-4CB2-B0CB-B4126614F214}.LipidSearch|x64.ActiveCfg = Debug|x64
		{075ED280-EE31-4CB2-B0CB-B4126614F214}.LipidSearch|x64.Build.0 = Debug|x64
		{075ED280-EE31-4CB2-B0CB-B4126614F214}.LipidSearch|x86.ActiveCfg = Debug|Any CPU
		{075ED280-EE31-4CB2-B0CB-B4126614F214}.LipidSearch|x86.Build.0 = Debug|Any CPU
		{075ED280-EE31-4CB2-B0CB-B4126614F214}.mzkit_win32|Any CPU.ActiveCfg = mzkit_win32|Any CPU
		{075ED280-EE31-4CB2-B0CB-B4126614F214}.mzkit_win32|Any CPU.Build.0 = mzkit_win32|Any CPU
		{075ED280-EE31-4CB2-B0CB-B4126614F214}.mzkit_win32|x64.ActiveCfg = mzkit_win32|x64
		{075ED280-EE31-4CB2-B0CB-B4126614F214}.mzkit_win32|x64.Build.0 = mzkit_win32|x64
		{075ED280-EE31-4CB2-B0CB-B4126614F214}.mzkit_win32|x86.ActiveCfg = mzkit_win32|Any CPU
		{075ED280-EE31-4CB2-B0CB-B4126614F214}.mzkit_win32|x86.Build.0 = mzkit_win32|Any CPU
		{075ED280-EE31-4CB2-B0CB-B4126614F214}.mzkit|Any CPU.ActiveCfg = mzkit|Any CPU
		{075ED280-EE31-4CB2-B0CB-B4126614F214}.mzkit|Any CPU.Build.0 = mzkit|Any CPU
		{075ED280-EE31-4CB2-B0CB-B4126614F214}.mzkit|x64.ActiveCfg = mzkit|x64
		{075ED280-EE31-4CB2-B0CB-B4126614F214}.mzkit|x64.Build.0 = mzkit|x64
		{075ED280-EE31-4CB2-B0CB-B4126614F214}.mzkit|x86.ActiveCfg = mzkit|Any CPU
		{075ED280-EE31-4CB2-B0CB-B4126614F214}.mzkit|x86.Build.0 = mzkit|Any CPU
		{075ED280-EE31-4CB2-B0CB-B4126614F214}.NPSearch|Any CPU.ActiveCfg = Debug|Any CPU
		{075ED280-EE31-4CB2-B0CB-B4126614F214}.NPSearch|Any CPU.Build.0 = Debug|Any CPU
		{075ED280-EE31-4CB2-B0CB-B4126614F214}.NPSearch|x64.ActiveCfg = Debug|x64
		{075ED280-EE31-4CB2-B0CB-B4126614F214}.NPSearch|x64.Build.0 = Debug|x64
		{075ED280-EE31-4CB2-B0CB-B4126614F214}.NPSearch|x86.ActiveCfg = Debug|Any CPU
		{075ED280-EE31-4CB2-B0CB-B4126614F214}.NPSearch|x86.Build.0 = Debug|Any CPU
		{075ED280-EE31-4CB2-B0CB-B4126614F214}.PlantMAT|Any CPU.ActiveCfg = Debug|Any CPU
		{075ED280-EE31-4CB2-B0CB-B4126614F214}.PlantMAT|Any CPU.Build.0 = Debug|Any CPU
		{075ED280-EE31-4CB2-B0CB-B4126614F214}.PlantMAT|x64.ActiveCfg = Debug|x64
		{075ED280-EE31-4CB2-B0CB-B4126614F214}.PlantMAT|x64.Build.0 = Debug|x64
		{075ED280-EE31-4CB2-B0CB-B4126614F214}.PlantMAT|x86.ActiveCfg = Debug|Any CPU
		{075ED280-EE31-4CB2-B0CB-B4126614F214}.PlantMAT|x86.Build.0 = Debug|Any CPU
		{075ED280-EE31-4CB2-B0CB-B4126614F214}.Release|Any CPU.ActiveCfg = Release|Any CPU
		{075ED280-EE31-4CB2-B0CB-B4126614F214}.Release|Any CPU.Build.0 = Release|Any CPU
		{075ED280-EE31-4CB2-B0CB-B4126614F214}.Release|x64.ActiveCfg = Release|x64
		{075ED280-EE31-4CB2-B0CB-B4126614F214}.Release|x64.Build.0 = Release|x64
		{075ED280-EE31-4CB2-B0CB-B4126614F214}.Release|x86.ActiveCfg = Release|Any CPU
		{075ED280-EE31-4CB2-B0CB-B4126614F214}.Release|x86.Build.0 = Release|Any CPU
		{075ED280-EE31-4CB2-B0CB-B4126614F214}.Rsharp_app_release|Any CPU.ActiveCfg = Rsharp_app_release|Any CPU
		{075ED280-EE31-4CB2-B0CB-B4126614F214}.Rsharp_app_release|Any CPU.Build.0 = Rsharp_app_release|Any CPU
		{075ED280-EE31-4CB2-B0CB-B4126614F214}.Rsharp_app_release|x64.ActiveCfg = Rsharp_app_release|x64
		{075ED280-EE31-4CB2-B0CB-B4126614F214}.Rsharp_app_release|x64.Build.0 = Rsharp_app_release|x64
		{075ED280-EE31-4CB2-B0CB-B4126614F214}.Rsharp_app_release|x86.ActiveCfg = Rsharp_app_release|Any CPU
		{075ED280-EE31-4CB2-B0CB-B4126614F214}.Rsharp_app_release|x86.Build.0 = Rsharp_app_release|Any CPU
	EndGlobalSection
	GlobalSection(SolutionProperties) = preSolution
		HideSolutionNode = FALSE
	EndGlobalSection
	GlobalSection(NestedProjects) = preSolution
		{C6E65BD3-0C16-46F6-B2EC-86B2D0BFB8CA} = {A1CBAE62-8C60-4DF5-BC1A-29C61FB4A70F}
		{CCA475EC-5225-4C87-860B-CF160FB7644B} = {A1CBAE62-8C60-4DF5-BC1A-29C61FB4A70F}
		{F947E144-7B33-424E-90B1-17A1BD638C15} = {8775950F-8B2B-4DFB-A5A4-54484182CED8}
		{075ED280-EE31-4CB2-B0CB-B4126614F214} = {8775950F-8B2B-4DFB-A5A4-54484182CED8}
	EndGlobalSection
	GlobalSection(ExtensibilityGlobals) = postSolution
		SolutionGuid = {177AFA0C-CF5F-4011-9256-C8347C5F677E}
	EndGlobalSection
	GlobalSection(SharedMSBuildProjectFiles) = preSolution
		..\..\GCModeller\src\R-sharp\studio\Rstudio.common\Rstudio.common.projitems*{075ed280-ee31-4cb2-b0cb-b4126614f214}*SharedItemsImports = 5
	EndGlobalSection
EndGlobal
